// !$*UTF8*$!
{
	archiveVersion = 1;
	classes = {
	};
	objectVersion = 46;
	objects = {

/* Begin PBXBuildFile section */
		158389131735A5D7006DE713 /* UIKit.framework in Frameworks */ = {isa = PBXBuildFile; fileRef = 158389121735A5D7006DE713 /* UIKit.framework */; };
		158389151735A5D7006DE713 /* Foundation.framework in Frameworks */ = {isa = PBXBuildFile; fileRef = 158389141735A5D7006DE713 /* Foundation.framework */; };
		158389171735A5D7006DE713 /* CoreGraphics.framework in Frameworks */ = {isa = PBXBuildFile; fileRef = 158389161735A5D7006DE713 /* CoreGraphics.framework */; };
		1583891D1735A5D7006DE713 /* InfoPlist.strings in Resources */ = {isa = PBXBuildFile; fileRef = 1583891B1735A5D7006DE713 /* InfoPlist.strings */; };
		1583891F1735A5D7006DE713 /* main.m in Sources */ = {isa = PBXBuildFile; fileRef = 1583891E1735A5D7006DE713 /* main.m */; };
		158389231735A5D7006DE713 /* AppDelegate.m in Sources */ = {isa = PBXBuildFile; fileRef = 158389221735A5D7006DE713 /* AppDelegate.m */; };
		1583892C1735A5D7006DE713 /* Main.storyboard in Resources */ = {isa = PBXBuildFile; fileRef = 1583892A1735A5D7006DE713 /* Main.storyboard */; };
		158389321735A5D7006DE713 /* ViewController.m in Sources */ = {isa = PBXBuildFile; fileRef = 158389311735A5D7006DE713 /* ViewController.m */; };
		1583893B1735A5D7006DE713 /* UIKit.framework in Frameworks */ = {isa = PBXBuildFile; fileRef = 158389121735A5D7006DE713 /* UIKit.framework */; };
		1583893C1735A5D7006DE713 /* Foundation.framework in Frameworks */ = {isa = PBXBuildFile; fileRef = 158389141735A5D7006DE713 /* Foundation.framework */; };
		158389441735A5D7006DE713 /* InfoPlist.strings in Resources */ = {isa = PBXBuildFile; fileRef = 158389421735A5D7006DE713 /* InfoPlist.strings */; };
		158389471735A5D7006DE713 /* RichTextEditorTests.m in Sources */ = {isa = PBXBuildFile; fileRef = 158389461735A5D7006DE713 /* RichTextEditorTests.m */; };
		1583895A1735D7F4006DE713 /* CoreText.framework in Frameworks */ = {isa = PBXBuildFile; fileRef = 158389591735D7F4006DE713 /* CoreText.framework */; };
		3459D71A1E4A1F7B00B6B0ED /* MobileCoreServices.framework in Frameworks */ = {isa = PBXBuildFile; fileRef = 3459D7191E4A1F7B00B6B0ED /* MobileCoreServices.framework */; };
		34BF6A3C1E51409500A736BB /* RichTextEditor.framework in Frameworks */ = {isa = PBXBuildFile; fileRef = 34BF6A271E51409400A736BB /* RichTextEditor.framework */; };
		34BF6A3D1E51409500A736BB /* RichTextEditor.framework in Embed Frameworks */ = {isa = PBXBuildFile; fileRef = 34BF6A271E51409400A736BB /* RichTextEditor.framework */; settings = {ATTRIBUTES = (CodeSignOnCopy, RemoveHeadersOnCopy, ); }; };
		34BF6A451E5140C500A736BB /* NSAttributedString+RichTextEditor.m in Sources */ = {isa = PBXBuildFile; fileRef = 153F955C179F9953005B2487 /* NSAttributedString+RichTextEditor.m */; };
		34BF6A461E5140C500A736BB /* UIFont+RichTextEditor.m in Sources */ = {isa = PBXBuildFile; fileRef = 153F955E179F9953005B2487 /* UIFont+RichTextEditor.m */; };
		34BF6A471E5140C500A736BB /* UIView+RichTextEditor.m in Sources */ = {isa = PBXBuildFile; fileRef = 153F9560179F9953005B2487 /* UIView+RichTextEditor.m */; };
		34BF6A481E5140C500A736BB /* WZProtocolInterceptor.m in Sources */ = {isa = PBXBuildFile; fileRef = 3402F26A1D98225A0066F4BE /* WZProtocolInterceptor.m */; };
		34BF6A491E5140C500A736BB /* RichTextEditor.m in Sources */ = {isa = PBXBuildFile; fileRef = 153F957C179F9953005B2487 /* RichTextEditor.m */; };
		34BF6A4A1E5140C500A736BB /* RichTextEditorToolbar.m in Sources */ = {isa = PBXBuildFile; fileRef = 153F9585179F9953005B2487 /* RichTextEditorToolbar.m */; };
		34BF6A4B1E5140C500A736BB /* RichTextEditorToggleButton.m in Sources */ = {isa = PBXBuildFile; fileRef = 15B6E20E17A4C2820015867C /* RichTextEditorToggleButton.m */; };
		34BF6A4C1E5140C500A736BB /* RichTextEditorColorPickerViewController.m in Sources */ = {isa = PBXBuildFile; fileRef = 153F957E179F9953005B2487 /* RichTextEditorColorPickerViewController.m */; };
		34BF6A4D1E5140C500A736BB /* RichTextEditorFontPickerViewController.m in Sources */ = {isa = PBXBuildFile; fileRef = 153F9580179F9953005B2487 /* RichTextEditorFontPickerViewController.m */; };
		34BF6A4E1E5140C500A736BB /* RichTextEditorFontSizePickerViewController.m in Sources */ = {isa = PBXBuildFile; fileRef = 153F9582179F9953005B2487 /* RichTextEditorFontSizePickerViewController.m */; };
		34BF6A4F1E5140D500A736BB /* NSAttributedString+RichTextEditor.h in Headers */ = {isa = PBXBuildFile; fileRef = 153F955B179F9953005B2487 /* NSAttributedString+RichTextEditor.h */; settings = {ATTRIBUTES = (Public, ); }; };
		34BF6A501E5140D500A736BB /* UIFont+RichTextEditor.h in Headers */ = {isa = PBXBuildFile; fileRef = 153F955D179F9953005B2487 /* UIFont+RichTextEditor.h */; settings = {ATTRIBUTES = (Public, ); }; };
		34BF6A511E5140D500A736BB /* UIView+RichTextEditor.h in Headers */ = {isa = PBXBuildFile; fileRef = 153F955F179F9953005B2487 /* UIView+RichTextEditor.h */; settings = {ATTRIBUTES = (Public, ); }; };
		34BF6A521E5140D500A736BB /* WZProtocolInterceptor.h in Headers */ = {isa = PBXBuildFile; fileRef = 3402F2691D98225A0066F4BE /* WZProtocolInterceptor.h */; };
		34BF6A531E5140D500A736BB /* RichTextEditor.h in Headers */ = {isa = PBXBuildFile; fileRef = 153F957B179F9953005B2487 /* RichTextEditor.h */; settings = {ATTRIBUTES = (Public, ); }; };
		34BF6A541E5140D500A736BB /* RichTextEditorToolbar.h in Headers */ = {isa = PBXBuildFile; fileRef = 153F9584179F9953005B2487 /* RichTextEditorToolbar.h */; };
		34BF6A551E5140D500A736BB /* RichTextEditorToggleButton.h in Headers */ = {isa = PBXBuildFile; fileRef = 15B6E20D17A4C2820015867C /* RichTextEditorToggleButton.h */; };
		34BF6A561E5140D500A736BB /* RichTextEditorColorPickerViewController.h in Headers */ = {isa = PBXBuildFile; fileRef = 153F957D179F9953005B2487 /* RichTextEditorColorPickerViewController.h */; };
		34BF6A571E5140D500A736BB /* RichTextEditorFontPickerViewController.h in Headers */ = {isa = PBXBuildFile; fileRef = 153F957F179F9953005B2487 /* RichTextEditorFontPickerViewController.h */; };
		34BF6A581E5140D500A736BB /* RichTextEditorFontSizePickerViewController.h in Headers */ = {isa = PBXBuildFile; fileRef = 153F9581179F9953005B2487 /* RichTextEditorFontSizePickerViewController.h */; };
		34BF6A591E5140D500A736BB /* RichTextEditorPopover.h in Headers */ = {isa = PBXBuildFile; fileRef = 153F9583179F9953005B2487 /* RichTextEditorPopover.h */; };
		34BF6A5A1E5142C500A736BB /* button.png in Resources */ = {isa = PBXBuildFile; fileRef = D2ECA7061A321FE900C57F03 /* button.png */; };
		34BF6A5B1E5142C500A736BB /* buttoncenter.png in Resources */ = {isa = PBXBuildFile; fileRef = D2ECA7071A321FE900C57F03 /* buttoncenter.png */; };
		34BF6A5C1E5142C500A736BB /* buttoncenterSelected.png in Resources */ = {isa = PBXBuildFile; fileRef = D2ECA7081A321FE900C57F03 /* buttoncenterSelected.png */; };
		34BF6A5D1E5142C500A736BB /* buttonleft.png in Resources */ = {isa = PBXBuildFile; fileRef = D2ECA7091A321FE900C57F03 /* buttonleft.png */; };
		34BF6A5E1E5142C500A736BB /* buttonleftSelected.png in Resources */ = {isa = PBXBuildFile; fileRef = D2ECA70A1A321FE900C57F03 /* buttonleftSelected.png */; };
		34BF6A5F1E5142C500A736BB /* buttonright.png in Resources */ = {isa = PBXBuildFile; fileRef = D2ECA70B1A321FE900C57F03 /* buttonright.png */; };
		34BF6A601E5142C500A736BB /* buttonrightSelected.png in Resources */ = {isa = PBXBuildFile; fileRef = D2ECA70C1A321FE900C57F03 /* buttonrightSelected.png */; };
		34BF6A611E5142C500A736BB /* buttonSelected.png in Resources */ = {isa = PBXBuildFile; fileRef = D2ECA70D1A321FE900C57F03 /* buttonSelected.png */; };
		34BF6A621E5142C500A736BB /* dropDownTriangle.png in Resources */ = {isa = PBXBuildFile; fileRef = D2ECA70E1A321FE900C57F03 /* dropDownTriangle.png */; };
		34BF6A631E5142C500A736BB /* dropDownTriangle@2x.png in Resources */ = {isa = PBXBuildFile; fileRef = D2ECA70F1A321FE900C57F03 /* dropDownTriangle@2x.png */; };
		34BF6A691E5142C500A736BB /* colors.jpg in Resources */ = {isa = PBXBuildFile; fileRef = D2ECA7111A321FE900C57F03 /* colors.jpg */; };
		34BF6A6A1E5142C500A736BB /* colorsOld.jpg in Resources */ = {isa = PBXBuildFile; fileRef = D2ECA7121A321FE900C57F03 /* colorsOld.jpg */; };
		34BF6A6F1E5142C500A736BB /* firstLineIndent.png in Resources */ = {isa = PBXBuildFile; fileRef = D2ECA7171A321FE900C57F03 /* firstLineIndent.png */; };
		34BF6A701E5142C500A736BB /* firstLineIndent@2x.png in Resources */ = {isa = PBXBuildFile; fileRef = D2ECA7181A321FE900C57F03 /* firstLineIndent@2x.png */; };
		34BF6A711E5142C500A736BB /* format-color-fill.png in Resources */ = {isa = PBXBuildFile; fileRef = 34BF6A181E513F2500A736BB /* format-color-fill.png */; };
		34BF6A721E5142C500A736BB /* format-color-fill@2x.png in Resources */ = {isa = PBXBuildFile; fileRef = 34BF6A191E513F2500A736BB /* format-color-fill@2x.png */; };
		34BF6A731E5142C500A736BB /* format-color-fill@3x.png in Resources */ = {isa = PBXBuildFile; fileRef = 34BF6A1A1E513F2500A736BB /* format-color-fill@3x.png */; };
		34BF6A741E5142C500A736BB /* format-color.png in Resources */ = {isa = PBXBuildFile; fileRef = 34BF6A1B1E513F2500A736BB /* format-color.png */; };
		34BF6A751E5142C500A736BB /* format-color@2x.png in Resources */ = {isa = PBXBuildFile; fileRef = 34BF6A1C1E513F2500A736BB /* format-color@2x.png */; };
		34BF6A911E5142C500A736BB /* unlink.png in Resources */ = {isa = PBXBuildFile; fileRef = D2ECA73B1A321FE900C57F03 /* unlink.png */; };
		34BF6A921E5142CE00A736BB /* OtherLicenses.txt in Resources */ = {isa = PBXBuildFile; fileRef = D28387071A7EE1340093AF3E /* OtherLicenses.txt */; };
		34BF6AA61E514AA500A736BB /* RichTextEditorColorPicker.h in Headers */ = {isa = PBXBuildFile; fileRef = 34BF6AA31E514AA500A736BB /* RichTextEditorColorPicker.h */; settings = {ATTRIBUTES = (Public, ); }; };
		34BF6AA71E514AA500A736BB /* RichTextEditorFontPicker.h in Headers */ = {isa = PBXBuildFile; fileRef = 34BF6AA41E514AA500A736BB /* RichTextEditorFontPicker.h */; settings = {ATTRIBUTES = (Public, ); }; };
		34BF6AA81E514AA500A736BB /* RichTextEditorFontSizePicker.h in Headers */ = {isa = PBXBuildFile; fileRef = 34BF6AA51E514AA500A736BB /* RichTextEditorFontSizePicker.h */; settings = {ATTRIBUTES = (Public, ); }; };
		34BF6AB01E520D8200A736BB /* indent-decrease.png in Resources */ = {isa = PBXBuildFile; fileRef = 34BF6AAE1E520D8200A736BB /* indent-decrease.png */; };
		34BF6AB11E520D8200A736BB /* indent-decrease.png in Resources */ = {isa = PBXBuildFile; fileRef = 34BF6AAE1E520D8200A736BB /* indent-decrease.png */; };
		34BF6AB21E520D8200A736BB /* indent-decrease@2x.png in Resources */ = {isa = PBXBuildFile; fileRef = 34BF6AAF1E520D8200A736BB /* indent-decrease@2x.png */; };
		34BF6AB31E520D8200A736BB /* indent-decrease@2x.png in Resources */ = {isa = PBXBuildFile; fileRef = 34BF6AAF1E520D8200A736BB /* indent-decrease@2x.png */; };
		34BF6AB71E520DA300A736BB /* indent-increase.png in Resources */ = {isa = PBXBuildFile; fileRef = 34BF6AB41E520DA300A736BB /* indent-increase.png */; };
		34BF6AB81E520DA300A736BB /* indent-increase.png in Resources */ = {isa = PBXBuildFile; fileRef = 34BF6AB41E520DA300A736BB /* indent-increase.png */; };
		34BF6AB91E520DA300A736BB /* indent-increase@2x.png in Resources */ = {isa = PBXBuildFile; fileRef = 34BF6AB51E520DA300A736BB /* indent-increase@2x.png */; };
		34BF6ABA1E520DA300A736BB /* indent-increase@2x.png in Resources */ = {isa = PBXBuildFile; fileRef = 34BF6AB51E520DA300A736BB /* indent-increase@2x.png */; };
		34BF6ABB1E520DA300A736BB /* indent-increase@3x.png in Resources */ = {isa = PBXBuildFile; fileRef = 34BF6AB61E520DA300A736BB /* indent-increase@3x.png */; };
		34BF6ABC1E520DA300A736BB /* indent-increase@3x.png in Resources */ = {isa = PBXBuildFile; fileRef = 34BF6AB61E520DA300A736BB /* indent-increase@3x.png */; };
		34BF6AC01E520DCD00A736BB /* format-align-center.png in Resources */ = {isa = PBXBuildFile; fileRef = 34BF6ABD1E520DCD00A736BB /* format-align-center.png */; };
		34BF6AC11E520DCD00A736BB /* format-align-center.png in Resources */ = {isa = PBXBuildFile; fileRef = 34BF6ABD1E520DCD00A736BB /* format-align-center.png */; };
		34BF6AC21E520DCD00A736BB /* format-align-center@2x.png in Resources */ = {isa = PBXBuildFile; fileRef = 34BF6ABE1E520DCD00A736BB /* format-align-center@2x.png */; };
		34BF6AC31E520DCD00A736BB /* format-align-center@2x.png in Resources */ = {isa = PBXBuildFile; fileRef = 34BF6ABE1E520DCD00A736BB /* format-align-center@2x.png */; };
		34BF6AC41E520DCD00A736BB /* format-align-center@3x.png in Resources */ = {isa = PBXBuildFile; fileRef = 34BF6ABF1E520DCD00A736BB /* format-align-center@3x.png */; };
		34BF6AC51E520DCD00A736BB /* format-align-center@3x.png in Resources */ = {isa = PBXBuildFile; fileRef = 34BF6ABF1E520DCD00A736BB /* format-align-center@3x.png */; };
		34BF6AC91E520DED00A736BB /* format-align-justify.png in Resources */ = {isa = PBXBuildFile; fileRef = 34BF6AC61E520DED00A736BB /* format-align-justify.png */; };
		34BF6ACA1E520DED00A736BB /* format-align-justify.png in Resources */ = {isa = PBXBuildFile; fileRef = 34BF6AC61E520DED00A736BB /* format-align-justify.png */; };
		34BF6ACB1E520DED00A736BB /* format-align-justify@2x.png in Resources */ = {isa = PBXBuildFile; fileRef = 34BF6AC71E520DED00A736BB /* format-align-justify@2x.png */; };
		34BF6ACC1E520DED00A736BB /* format-align-justify@2x.png in Resources */ = {isa = PBXBuildFile; fileRef = 34BF6AC71E520DED00A736BB /* format-align-justify@2x.png */; };
		34BF6ACD1E520DED00A736BB /* format-align-justify@3x.png in Resources */ = {isa = PBXBuildFile; fileRef = 34BF6AC81E520DED00A736BB /* format-align-justify@3x.png */; };
		34BF6ACE1E520DED00A736BB /* format-align-justify@3x.png in Resources */ = {isa = PBXBuildFile; fileRef = 34BF6AC81E520DED00A736BB /* format-align-justify@3x.png */; };
		34BF6AD21E520E0300A736BB /* format-align-left.png in Resources */ = {isa = PBXBuildFile; fileRef = 34BF6ACF1E520E0300A736BB /* format-align-left.png */; };
		34BF6AD31E520E0300A736BB /* format-align-left.png in Resources */ = {isa = PBXBuildFile; fileRef = 34BF6ACF1E520E0300A736BB /* format-align-left.png */; };
		34BF6AD41E520E0300A736BB /* format-align-left@2x.png in Resources */ = {isa = PBXBuildFile; fileRef = 34BF6AD01E520E0300A736BB /* format-align-left@2x.png */; };
		34BF6AD51E520E0300A736BB /* format-align-left@2x.png in Resources */ = {isa = PBXBuildFile; fileRef = 34BF6AD01E520E0300A736BB /* format-align-left@2x.png */; };
		34BF6AD61E520E0300A736BB /* format-align-left@3x.png in Resources */ = {isa = PBXBuildFile; fileRef = 34BF6AD11E520E0300A736BB /* format-align-left@3x.png */; };
		34BF6AD71E520E0300A736BB /* format-align-left@3x.png in Resources */ = {isa = PBXBuildFile; fileRef = 34BF6AD11E520E0300A736BB /* format-align-left@3x.png */; };
		34BF6ADB1E520E2300A736BB /* format-align-right.png in Resources */ = {isa = PBXBuildFile; fileRef = 34BF6AD81E520E2300A736BB /* format-align-right.png */; };
		34BF6ADC1E520E2300A736BB /* format-align-right.png in Resources */ = {isa = PBXBuildFile; fileRef = 34BF6AD81E520E2300A736BB /* format-align-right.png */; };
		34BF6ADD1E520E2300A736BB /* format-align-right@2x.png in Resources */ = {isa = PBXBuildFile; fileRef = 34BF6AD91E520E2300A736BB /* format-align-right@2x.png */; };
		34BF6ADE1E520E2300A736BB /* format-align-right@2x.png in Resources */ = {isa = PBXBuildFile; fileRef = 34BF6AD91E520E2300A736BB /* format-align-right@2x.png */; };
		34BF6ADF1E520E2300A736BB /* format-align-right@3x.png in Resources */ = {isa = PBXBuildFile; fileRef = 34BF6ADA1E520E2300A736BB /* format-align-right@3x.png */; };
		34BF6AE01E520E2300A736BB /* format-align-right@3x.png in Resources */ = {isa = PBXBuildFile; fileRef = 34BF6ADA1E520E2300A736BB /* format-align-right@3x.png */; };
		34BF6AE41E520E3C00A736BB /* format-bold.png in Resources */ = {isa = PBXBuildFile; fileRef = 34BF6AE11E520E3C00A736BB /* format-bold.png */; };
		34BF6AE51E520E3C00A736BB /* format-bold.png in Resources */ = {isa = PBXBuildFile; fileRef = 34BF6AE11E520E3C00A736BB /* format-bold.png */; };
		34BF6AE61E520E3C00A736BB /* format-bold@2x.png in Resources */ = {isa = PBXBuildFile; fileRef = 34BF6AE21E520E3C00A736BB /* format-bold@2x.png */; };
		34BF6AE71E520E3C00A736BB /* format-bold@2x.png in Resources */ = {isa = PBXBuildFile; fileRef = 34BF6AE21E520E3C00A736BB /* format-bold@2x.png */; };
		34BF6AE81E520E3C00A736BB /* format-bold@3x.png in Resources */ = {isa = PBXBuildFile; fileRef = 34BF6AE31E520E3C00A736BB /* format-bold@3x.png */; };
		34BF6AE91E520E3C00A736BB /* format-bold@3x.png in Resources */ = {isa = PBXBuildFile; fileRef = 34BF6AE31E520E3C00A736BB /* format-bold@3x.png */; };
		34BF6AED1E520EFF00A736BB /* format-list-bulleted.png in Resources */ = {isa = PBXBuildFile; fileRef = 34BF6AEA1E520EFF00A736BB /* format-list-bulleted.png */; };
		34BF6AEE1E520EFF00A736BB /* format-list-bulleted.png in Resources */ = {isa = PBXBuildFile; fileRef = 34BF6AEA1E520EFF00A736BB /* format-list-bulleted.png */; };
		34BF6AEF1E520EFF00A736BB /* format-list-bulleted@2x.png in Resources */ = {isa = PBXBuildFile; fileRef = 34BF6AEB1E520EFF00A736BB /* format-list-bulleted@2x.png */; };
		34BF6AF01E520EFF00A736BB /* format-list-bulleted@2x.png in Resources */ = {isa = PBXBuildFile; fileRef = 34BF6AEB1E520EFF00A736BB /* format-list-bulleted@2x.png */; };
		34BF6AF11E520EFF00A736BB /* format-list-bulleted@3x.png in Resources */ = {isa = PBXBuildFile; fileRef = 34BF6AEC1E520EFF00A736BB /* format-list-bulleted@3x.png */; };
		34BF6AF21E520EFF00A736BB /* format-list-bulleted@3x.png in Resources */ = {isa = PBXBuildFile; fileRef = 34BF6AEC1E520EFF00A736BB /* format-list-bulleted@3x.png */; };
		34BF6AF61E520F1E00A736BB /* format-strikethrough.png in Resources */ = {isa = PBXBuildFile; fileRef = 34BF6AF31E520F1E00A736BB /* format-strikethrough.png */; };
		34BF6AF71E520F1E00A736BB /* format-strikethrough.png in Resources */ = {isa = PBXBuildFile; fileRef = 34BF6AF31E520F1E00A736BB /* format-strikethrough.png */; };
		34BF6AF81E520F1E00A736BB /* format-strikethrough@2x.png in Resources */ = {isa = PBXBuildFile; fileRef = 34BF6AF41E520F1E00A736BB /* format-strikethrough@2x.png */; };
		34BF6AF91E520F1E00A736BB /* format-strikethrough@2x.png in Resources */ = {isa = PBXBuildFile; fileRef = 34BF6AF41E520F1E00A736BB /* format-strikethrough@2x.png */; };
		34BF6AFA1E520F1E00A736BB /* format-strikethrough@3x.png in Resources */ = {isa = PBXBuildFile; fileRef = 34BF6AF51E520F1E00A736BB /* format-strikethrough@3x.png */; };
		34BF6AFB1E520F1E00A736BB /* format-strikethrough@3x.png in Resources */ = {isa = PBXBuildFile; fileRef = 34BF6AF51E520F1E00A736BB /* format-strikethrough@3x.png */; };
		34BF6AFF1E520F3F00A736BB /* format-underlined.png in Resources */ = {isa = PBXBuildFile; fileRef = 34BF6AFC1E520F3F00A736BB /* format-underlined.png */; };
		34BF6B001E520F3F00A736BB /* format-underlined.png in Resources */ = {isa = PBXBuildFile; fileRef = 34BF6AFC1E520F3F00A736BB /* format-underlined.png */; };
		34BF6B011E520F3F00A736BB /* format-underlined@2x.png in Resources */ = {isa = PBXBuildFile; fileRef = 34BF6AFD1E520F3F00A736BB /* format-underlined@2x.png */; };
		34BF6B021E520F3F00A736BB /* format-underlined@2x.png in Resources */ = {isa = PBXBuildFile; fileRef = 34BF6AFD1E520F3F00A736BB /* format-underlined@2x.png */; };
		34BF6B031E520F3F00A736BB /* format-underlined@3x.png in Resources */ = {isa = PBXBuildFile; fileRef = 34BF6AFE1E520F3F00A736BB /* format-underlined@3x.png */; };
		34BF6B041E520F3F00A736BB /* format-underlined@3x.png in Resources */ = {isa = PBXBuildFile; fileRef = 34BF6AFE1E520F3F00A736BB /* format-underlined@3x.png */; };
		34BF6B081E520F9B00A736BB /* format-italic.png in Resources */ = {isa = PBXBuildFile; fileRef = 34BF6B051E520F9B00A736BB /* format-italic.png */; };
		34BF6B091E520F9B00A736BB /* format-italic.png in Resources */ = {isa = PBXBuildFile; fileRef = 34BF6B051E520F9B00A736BB /* format-italic.png */; };
		34BF6B0A1E520F9B00A736BB /* format-italic@2x.png in Resources */ = {isa = PBXBuildFile; fileRef = 34BF6B061E520F9B00A736BB /* format-italic@2x.png */; };
		34BF6B0B1E520F9B00A736BB /* format-italic@2x.png in Resources */ = {isa = PBXBuildFile; fileRef = 34BF6B061E520F9B00A736BB /* format-italic@2x.png */; };
		34BF6B0C1E520F9B00A736BB /* format-italic@3x.png in Resources */ = {isa = PBXBuildFile; fileRef = 34BF6B071E520F9B00A736BB /* format-italic@3x.png */; };
		34BF6B0D1E520F9B00A736BB /* format-italic@3x.png in Resources */ = {isa = PBXBuildFile; fileRef = 34BF6B071E520F9B00A736BB /* format-italic@3x.png */; };
		34BF6B111E52111C00A736BB /* insert-photo.png in Resources */ = {isa = PBXBuildFile; fileRef = 34BF6B0E1E52111C00A736BB /* insert-photo.png */; };
		34BF6B121E52111C00A736BB /* insert-photo.png in Resources */ = {isa = PBXBuildFile; fileRef = 34BF6B0E1E52111C00A736BB /* insert-photo.png */; };
		34BF6B131E52111C00A736BB /* insert-photo@2x.png in Resources */ = {isa = PBXBuildFile; fileRef = 34BF6B0F1E52111C00A736BB /* insert-photo@2x.png */; };
		34BF6B141E52111C00A736BB /* insert-photo@2x.png in Resources */ = {isa = PBXBuildFile; fileRef = 34BF6B0F1E52111C00A736BB /* insert-photo@2x.png */; };
		34BF6B151E52111C00A736BB /* insert-photo@3x.png in Resources */ = {isa = PBXBuildFile; fileRef = 34BF6B101E52111C00A736BB /* insert-photo@3x.png */; };
		34BF6B161E52111C00A736BB /* insert-photo@3x.png in Resources */ = {isa = PBXBuildFile; fileRef = 34BF6B101E52111C00A736BB /* insert-photo@3x.png */; };
		34BF6B1A1E52116000A736BB /* insert-link.png in Resources */ = {isa = PBXBuildFile; fileRef = 34BF6B171E52116000A736BB /* insert-link.png */; };
		34BF6B1B1E52116000A736BB /* insert-link.png in Resources */ = {isa = PBXBuildFile; fileRef = 34BF6B171E52116000A736BB /* insert-link.png */; };
		34BF6B1C1E52116000A736BB /* insert-link@2x.png in Resources */ = {isa = PBXBuildFile; fileRef = 34BF6B181E52116000A736BB /* insert-link@2x.png */; };
		34BF6B1D1E52116000A736BB /* insert-link@2x.png in Resources */ = {isa = PBXBuildFile; fileRef = 34BF6B181E52116000A736BB /* insert-link@2x.png */; };
		34BF6B1E1E52116000A736BB /* insert-link@3x.png in Resources */ = {isa = PBXBuildFile; fileRef = 34BF6B191E52116000A736BB /* insert-link@3x.png */; };
		34BF6B1F1E52116000A736BB /* insert-link@3x.png in Resources */ = {isa = PBXBuildFile; fileRef = 34BF6B191E52116000A736BB /* insert-link@3x.png */; };
		34BF6B231E52118300A736BB /* format-list-numbered.png in Resources */ = {isa = PBXBuildFile; fileRef = 34BF6B201E52118300A736BB /* format-list-numbered.png */; };
		34BF6B241E52118300A736BB /* format-list-numbered.png in Resources */ = {isa = PBXBuildFile; fileRef = 34BF6B201E52118300A736BB /* format-list-numbered.png */; };
		34BF6B251E52118300A736BB /* format-list-numbered@2x.png in Resources */ = {isa = PBXBuildFile; fileRef = 34BF6B211E52118300A736BB /* format-list-numbered@2x.png */; };
		34BF6B261E52118300A736BB /* format-list-numbered@2x.png in Resources */ = {isa = PBXBuildFile; fileRef = 34BF6B211E52118300A736BB /* format-list-numbered@2x.png */; };
		34BF6B271E52118300A736BB /* format-list-numbered@3x.png in Resources */ = {isa = PBXBuildFile; fileRef = 34BF6B221E52118300A736BB /* format-list-numbered@3x.png */; };
		34BF6B281E52118300A736BB /* format-list-numbered@3x.png in Resources */ = {isa = PBXBuildFile; fileRef = 34BF6B221E52118300A736BB /* format-list-numbered@3x.png */; };
		34BF6B2C1E52121500A736BB /* attach-file.png in Resources */ = {isa = PBXBuildFile; fileRef = 34BF6B291E52121500A736BB /* attach-file.png */; };
		34BF6B2D1E52121500A736BB /* attach-file.png in Resources */ = {isa = PBXBuildFile; fileRef = 34BF6B291E52121500A736BB /* attach-file.png */; };
		34BF6B2E1E52121500A736BB /* attach-file@2x.png in Resources */ = {isa = PBXBuildFile; fileRef = 34BF6B2A1E52121500A736BB /* attach-file@2x.png */; };
		34BF6B2F1E52121500A736BB /* attach-file@2x.png in Resources */ = {isa = PBXBuildFile; fileRef = 34BF6B2A1E52121500A736BB /* attach-file@2x.png */; };
		34BF6B301E52121500A736BB /* attach-file@3x.png in Resources */ = {isa = PBXBuildFile; fileRef = 34BF6B2B1E52121500A736BB /* attach-file@3x.png */; };
		34BF6B311E52121500A736BB /* attach-file@3x.png in Resources */ = {isa = PBXBuildFile; fileRef = 34BF6B2B1E52121500A736BB /* attach-file@3x.png */; };
		34BF6B351E52127900A736BB /* format-clear.png in Resources */ = {isa = PBXBuildFile; fileRef = 34BF6B321E52127900A736BB /* format-clear.png */; };
		34BF6B361E52127900A736BB /* format-clear.png in Resources */ = {isa = PBXBuildFile; fileRef = 34BF6B321E52127900A736BB /* format-clear.png */; };
		34BF6B371E52127900A736BB /* format-clear@2x.png in Resources */ = {isa = PBXBuildFile; fileRef = 34BF6B331E52127900A736BB /* format-clear@2x.png */; };
		34BF6B381E52127900A736BB /* format-clear@2x.png in Resources */ = {isa = PBXBuildFile; fileRef = 34BF6B331E52127900A736BB /* format-clear@2x.png */; };
		34BF6B391E52127900A736BB /* format-clear@3x.png in Resources */ = {isa = PBXBuildFile; fileRef = 34BF6B341E52127900A736BB /* format-clear@3x.png */; };
		34BF6B3A1E52127900A736BB /* format-clear@3x.png in Resources */ = {isa = PBXBuildFile; fileRef = 34BF6B341E52127900A736BB /* format-clear@3x.png */; };
		34BF6B3E1E52130A00A736BB /* keyboard-hide.png in Resources */ = {isa = PBXBuildFile; fileRef = 34BF6B3B1E52130A00A736BB /* keyboard-hide.png */; };
		34BF6B3F1E52130A00A736BB /* keyboard-hide.png in Resources */ = {isa = PBXBuildFile; fileRef = 34BF6B3B1E52130A00A736BB /* keyboard-hide.png */; };
		34BF6B401E52130A00A736BB /* keyboard-hide@2x.png in Resources */ = {isa = PBXBuildFile; fileRef = 34BF6B3C1E52130A00A736BB /* keyboard-hide@2x.png */; };
		34BF6B411E52130A00A736BB /* keyboard-hide@2x.png in Resources */ = {isa = PBXBuildFile; fileRef = 34BF6B3C1E52130A00A736BB /* keyboard-hide@2x.png */; };
		34BF6B421E52130A00A736BB /* keyboard-hide@3x.png in Resources */ = {isa = PBXBuildFile; fileRef = 34BF6B3D1E52130A00A736BB /* keyboard-hide@3x.png */; };
		34BF6B431E52130A00A736BB /* keyboard-hide@3x.png in Resources */ = {isa = PBXBuildFile; fileRef = 34BF6B3D1E52130A00A736BB /* keyboard-hide@3x.png */; };
		34BF6B471E52136600A736BB /* redo.png in Resources */ = {isa = PBXBuildFile; fileRef = 34BF6B441E52136600A736BB /* redo.png */; };
		34BF6B481E52136600A736BB /* redo.png in Resources */ = {isa = PBXBuildFile; fileRef = 34BF6B441E52136600A736BB /* redo.png */; };
		34BF6B491E52136600A736BB /* redo@2x.png in Resources */ = {isa = PBXBuildFile; fileRef = 34BF6B451E52136600A736BB /* redo@2x.png */; };
		34BF6B4A1E52136600A736BB /* redo@2x.png in Resources */ = {isa = PBXBuildFile; fileRef = 34BF6B451E52136600A736BB /* redo@2x.png */; };
		34BF6B4B1E52136600A736BB /* redo@3x.png in Resources */ = {isa = PBXBuildFile; fileRef = 34BF6B461E52136600A736BB /* redo@3x.png */; };
		34BF6B4C1E52136600A736BB /* redo@3x.png in Resources */ = {isa = PBXBuildFile; fileRef = 34BF6B461E52136600A736BB /* redo@3x.png */; };
		34BF6B501E52139000A736BB /* undo.png in Resources */ = {isa = PBXBuildFile; fileRef = 34BF6B4D1E52139000A736BB /* undo.png */; };
		34BF6B511E52139000A736BB /* undo.png in Resources */ = {isa = PBXBuildFile; fileRef = 34BF6B4D1E52139000A736BB /* undo.png */; };
		34BF6B521E52139000A736BB /* undo@2x.png in Resources */ = {isa = PBXBuildFile; fileRef = 34BF6B4E1E52139000A736BB /* undo@2x.png */; };
		34BF6B531E52139000A736BB /* undo@2x.png in Resources */ = {isa = PBXBuildFile; fileRef = 34BF6B4E1E52139000A736BB /* undo@2x.png */; };
		34BF6B541E52139000A736BB /* undo@3x.png in Resources */ = {isa = PBXBuildFile; fileRef = 34BF6B4F1E52139000A736BB /* undo@3x.png */; };
		34BF6B551E52139000A736BB /* undo@3x.png in Resources */ = {isa = PBXBuildFile; fileRef = 34BF6B4F1E52139000A736BB /* undo@3x.png */; };
		34BF6B591E5213B700A736BB /* email.png in Resources */ = {isa = PBXBuildFile; fileRef = 34BF6B561E5213B700A736BB /* email.png */; };
		34BF6B5A1E5213B700A736BB /* email.png in Resources */ = {isa = PBXBuildFile; fileRef = 34BF6B561E5213B700A736BB /* email.png */; };
		34BF6B5B1E5213B700A736BB /* email@2x.png in Resources */ = {isa = PBXBuildFile; fileRef = 34BF6B571E5213B700A736BB /* email@2x.png */; };
		34BF6B5C1E5213B700A736BB /* email@2x.png in Resources */ = {isa = PBXBuildFile; fileRef = 34BF6B571E5213B700A736BB /* email@2x.png */; };
		34BF6B5D1E5213B700A736BB /* email@3x.png in Resources */ = {isa = PBXBuildFile; fileRef = 34BF6B581E5213B700A736BB /* email@3x.png */; };
		34BF6B5E1E5213B700A736BB /* email@3x.png in Resources */ = {isa = PBXBuildFile; fileRef = 34BF6B581E5213B700A736BB /* email@3x.png */; };
		34BF6B621E5213E600A736BB /* code.png in Resources */ = {isa = PBXBuildFile; fileRef = 34BF6B5F1E5213E600A736BB /* code.png */; };
		34BF6B631E5213E600A736BB /* code.png in Resources */ = {isa = PBXBuildFile; fileRef = 34BF6B5F1E5213E600A736BB /* code.png */; };
		34BF6B641E5213E600A736BB /* code@2x.png in Resources */ = {isa = PBXBuildFile; fileRef = 34BF6B601E5213E600A736BB /* code@2x.png */; };
		34BF6B651E5213E600A736BB /* code@2x.png in Resources */ = {isa = PBXBuildFile; fileRef = 34BF6B601E5213E600A736BB /* code@2x.png */; };
		34BF6B661E5213E600A736BB /* code@3x.png in Resources */ = {isa = PBXBuildFile; fileRef = 34BF6B611E5213E600A736BB /* code@3x.png */; };
		34BF6B671E5213E600A736BB /* code@3x.png in Resources */ = {isa = PBXBuildFile; fileRef = 34BF6B611E5213E600A736BB /* code@3x.png */; };
		34BF6B6B1E52147A00A736BB /* format-first-line-indent.png in Resources */ = {isa = PBXBuildFile; fileRef = 34BF6B681E52147A00A736BB /* format-first-line-indent.png */; };
		34BF6B6C1E52147A00A736BB /* format-first-line-indent.png in Resources */ = {isa = PBXBuildFile; fileRef = 34BF6B681E52147A00A736BB /* format-first-line-indent.png */; };
		34BF6B6D1E52147A00A736BB /* format-first-line-indent@2x.png in Resources */ = {isa = PBXBuildFile; fileRef = 34BF6B691E52147A00A736BB /* format-first-line-indent@2x.png */; };
		34BF6B6E1E52147A00A736BB /* format-first-line-indent@2x.png in Resources */ = {isa = PBXBuildFile; fileRef = 34BF6B691E52147A00A736BB /* format-first-line-indent@2x.png */; };
		34BF6B6F1E52147A00A736BB /* format-first-line-indent@3x.png in Resources */ = {isa = PBXBuildFile; fileRef = 34BF6B6A1E52147A00A736BB /* format-first-line-indent@3x.png */; };
		34BF6B701E52147A00A736BB /* format-first-line-indent@3x.png in Resources */ = {isa = PBXBuildFile; fileRef = 34BF6B6A1E52147A00A736BB /* format-first-line-indent@3x.png */; };
		34BF6B721E5214CF00A736BB /* format-color@3x.png in Resources */ = {isa = PBXBuildFile; fileRef = 34BF6B711E5214CF00A736BB /* format-color@3x.png */; };
		34BF6B731E5214CF00A736BB /* format-color@3x.png in Resources */ = {isa = PBXBuildFile; fileRef = 34BF6B711E5214CF00A736BB /* format-color@3x.png */; };
		D28387081A7EE1340093AF3E /* OtherLicenses.txt in Resources */ = {isa = PBXBuildFile; fileRef = D28387071A7EE1340093AF3E /* OtherLicenses.txt */; };
/* End PBXBuildFile section */

/* Begin PBXContainerItemProxy section */
		1583893D1735A5D7006DE713 /* PBXContainerItemProxy */ = {
			isa = PBXContainerItemProxy;
			containerPortal = 158389051735A5D7006DE713 /* Project object */;
			proxyType = 1;
			remoteGlobalIDString = 1583890D1735A5D7006DE713;
			remoteInfo = RichTextEditor;
		};
		34BF6A3A1E51409500A736BB /* PBXContainerItemProxy */ = {
			isa = PBXContainerItemProxy;
			containerPortal = 158389051735A5D7006DE713 /* Project object */;
			proxyType = 1;
			remoteGlobalIDString = 34BF6A261E51409400A736BB;
			remoteInfo = RichTextEditorFramework;
		};
/* End PBXContainerItemProxy section */

/* Begin PBXCopyFilesBuildPhase section */
		34BF6A411E51409500A736BB /* Embed Frameworks */ = {
			isa = PBXCopyFilesBuildPhase;
			buildActionMask = 2147483647;
			dstPath = "";
			dstSubfolderSpec = 10;
			files = (
				34BF6A3D1E51409500A736BB /* RichTextEditor.framework in Embed Frameworks */,
			);
			name = "Embed Frameworks";
			runOnlyForDeploymentPostprocessing = 0;
		};
/* End PBXCopyFilesBuildPhase section */

/* Begin PBXFileReference section */
		153F955B179F9953005B2487 /* NSAttributedString+RichTextEditor.h */ = {isa = PBXFileReference; fileEncoding = 4; lastKnownFileType = sourcecode.c.h; path = "NSAttributedString+RichTextEditor.h"; sourceTree = "<group>"; };
		153F955C179F9953005B2487 /* NSAttributedString+RichTextEditor.m */ = {isa = PBXFileReference; fileEncoding = 4; lastKnownFileType = sourcecode.c.objc; path = "NSAttributedString+RichTextEditor.m"; sourceTree = "<group>"; };
		153F955D179F9953005B2487 /* UIFont+RichTextEditor.h */ = {isa = PBXFileReference; fileEncoding = 4; lastKnownFileType = sourcecode.c.h; path = "UIFont+RichTextEditor.h"; sourceTree = "<group>"; };
		153F955E179F9953005B2487 /* UIFont+RichTextEditor.m */ = {isa = PBXFileReference; fileEncoding = 4; lastKnownFileType = sourcecode.c.objc; path = "UIFont+RichTextEditor.m"; sourceTree = "<group>"; };
		153F955F179F9953005B2487 /* UIView+RichTextEditor.h */ = {isa = PBXFileReference; fileEncoding = 4; lastKnownFileType = sourcecode.c.h; path = "UIView+RichTextEditor.h"; sourceTree = "<group>"; };
		153F9560179F9953005B2487 /* UIView+RichTextEditor.m */ = {isa = PBXFileReference; fileEncoding = 4; lastKnownFileType = sourcecode.c.objc; path = "UIView+RichTextEditor.m"; sourceTree = "<group>"; };
		153F957B179F9953005B2487 /* RichTextEditor.h */ = {isa = PBXFileReference; fileEncoding = 4; lastKnownFileType = sourcecode.c.h; path = RichTextEditor.h; sourceTree = "<group>"; };
		153F957C179F9953005B2487 /* RichTextEditor.m */ = {isa = PBXFileReference; fileEncoding = 4; lastKnownFileType = sourcecode.c.objc; path = RichTextEditor.m; sourceTree = "<group>"; };
		153F957D179F9953005B2487 /* RichTextEditorColorPickerViewController.h */ = {isa = PBXFileReference; fileEncoding = 4; lastKnownFileType = sourcecode.c.h; path = RichTextEditorColorPickerViewController.h; sourceTree = "<group>"; };
		153F957E179F9953005B2487 /* RichTextEditorColorPickerViewController.m */ = {isa = PBXFileReference; fileEncoding = 4; lastKnownFileType = sourcecode.c.objc; path = RichTextEditorColorPickerViewController.m; sourceTree = "<group>"; };
		153F957F179F9953005B2487 /* RichTextEditorFontPickerViewController.h */ = {isa = PBXFileReference; fileEncoding = 4; lastKnownFileType = sourcecode.c.h; path = RichTextEditorFontPickerViewController.h; sourceTree = "<group>"; };
		153F9580179F9953005B2487 /* RichTextEditorFontPickerViewController.m */ = {isa = PBXFileReference; fileEncoding = 4; lastKnownFileType = sourcecode.c.objc; path = RichTextEditorFontPickerViewController.m; sourceTree = "<group>"; };
		153F9581179F9953005B2487 /* RichTextEditorFontSizePickerViewController.h */ = {isa = PBXFileReference; fileEncoding = 4; lastKnownFileType = sourcecode.c.h; path = RichTextEditorFontSizePickerViewController.h; sourceTree = "<group>"; };
		153F9582179F9953005B2487 /* RichTextEditorFontSizePickerViewController.m */ = {isa = PBXFileReference; fileEncoding = 4; lastKnownFileType = sourcecode.c.objc; path = RichTextEditorFontSizePickerViewController.m; sourceTree = "<group>"; };
		153F9583179F9953005B2487 /* RichTextEditorPopover.h */ = {isa = PBXFileReference; fileEncoding = 4; lastKnownFileType = sourcecode.c.h; path = RichTextEditorPopover.h; sourceTree = "<group>"; };
		153F9584179F9953005B2487 /* RichTextEditorToolbar.h */ = {isa = PBXFileReference; fileEncoding = 4; lastKnownFileType = sourcecode.c.h; path = RichTextEditorToolbar.h; sourceTree = "<group>"; };
		153F9585179F9953005B2487 /* RichTextEditorToolbar.m */ = {isa = PBXFileReference; fileEncoding = 4; lastKnownFileType = sourcecode.c.objc; path = RichTextEditorToolbar.m; sourceTree = "<group>"; };
		1583890E1735A5D7006DE713 /* RichTextEditorDemo.app */ = {isa = PBXFileReference; explicitFileType = wrapper.application; includeInIndex = 0; path = RichTextEditorDemo.app; sourceTree = BUILT_PRODUCTS_DIR; };
		158389121735A5D7006DE713 /* UIKit.framework */ = {isa = PBXFileReference; lastKnownFileType = wrapper.framework; name = UIKit.framework; path = System/Library/Frameworks/UIKit.framework; sourceTree = SDKROOT; };
		158389141735A5D7006DE713 /* Foundation.framework */ = {isa = PBXFileReference; lastKnownFileType = wrapper.framework; name = Foundation.framework; path = System/Library/Frameworks/Foundation.framework; sourceTree = SDKROOT; };
		158389161735A5D7006DE713 /* CoreGraphics.framework */ = {isa = PBXFileReference; lastKnownFileType = wrapper.framework; name = CoreGraphics.framework; path = System/Library/Frameworks/CoreGraphics.framework; sourceTree = SDKROOT; };
		1583891A1735A5D7006DE713 /* RichTextEditor-Info.plist */ = {isa = PBXFileReference; lastKnownFileType = text.plist.xml; path = "RichTextEditor-Info.plist"; sourceTree = "<group>"; };
		1583891C1735A5D7006DE713 /* en */ = {isa = PBXFileReference; lastKnownFileType = text.plist.strings; name = en; path = en.lproj/InfoPlist.strings; sourceTree = "<group>"; };
		1583891E1735A5D7006DE713 /* main.m */ = {isa = PBXFileReference; lastKnownFileType = sourcecode.c.objc; path = main.m; sourceTree = "<group>"; };
		158389201735A5D7006DE713 /* RichTextEditor-Prefix.pch */ = {isa = PBXFileReference; lastKnownFileType = sourcecode.c.h; path = "RichTextEditor-Prefix.pch"; sourceTree = "<group>"; };
		158389211735A5D7006DE713 /* AppDelegate.h */ = {isa = PBXFileReference; lastKnownFileType = sourcecode.c.h; path = AppDelegate.h; sourceTree = "<group>"; };
		158389221735A5D7006DE713 /* AppDelegate.m */ = {isa = PBXFileReference; lastKnownFileType = sourcecode.c.objc; path = AppDelegate.m; sourceTree = "<group>"; };
		158389241735A5D7006DE713 /* Default.png */ = {isa = PBXFileReference; lastKnownFileType = image.png; path = Default.png; sourceTree = "<group>"; };
		158389261735A5D7006DE713 /* Default@2x.png */ = {isa = PBXFileReference; lastKnownFileType = image.png; path = "Default@2x.png"; sourceTree = "<group>"; };
		158389281735A5D7006DE713 /* Default-568h@2x.png */ = {isa = PBXFileReference; lastKnownFileType = image.png; path = "Default-568h@2x.png"; sourceTree = "<group>"; };
		1583892B1735A5D7006DE713 /* en */ = {isa = PBXFileReference; lastKnownFileType = file.storyboard; name = en; path = en.lproj/Main.storyboard; sourceTree = "<group>"; };
		158389301735A5D7006DE713 /* ViewController.h */ = {isa = PBXFileReference; lastKnownFileType = sourcecode.c.h; path = ViewController.h; sourceTree = "<group>"; };
		158389311735A5D7006DE713 /* ViewController.m */ = {isa = PBXFileReference; lastKnownFileType = sourcecode.c.objc; path = ViewController.m; sourceTree = "<group>"; };
		158389381735A5D7006DE713 /* RichTextEditorTests.xctest */ = {isa = PBXFileReference; explicitFileType = wrapper.cfbundle; includeInIndex = 0; path = RichTextEditorTests.xctest; sourceTree = BUILT_PRODUCTS_DIR; };
		158389411735A5D7006DE713 /* RichTextEditorTests-Info.plist */ = {isa = PBXFileReference; lastKnownFileType = text.plist.xml; path = "RichTextEditorTests-Info.plist"; sourceTree = "<group>"; };
		158389431735A5D7006DE713 /* en */ = {isa = PBXFileReference; lastKnownFileType = text.plist.strings; name = en; path = en.lproj/InfoPlist.strings; sourceTree = "<group>"; };
		158389451735A5D7006DE713 /* RichTextEditorTests.h */ = {isa = PBXFileReference; lastKnownFileType = sourcecode.c.h; path = RichTextEditorTests.h; sourceTree = "<group>"; };
		158389461735A5D7006DE713 /* RichTextEditorTests.m */ = {isa = PBXFileReference; lastKnownFileType = sourcecode.c.objc; path = RichTextEditorTests.m; sourceTree = "<group>"; };
		158389591735D7F4006DE713 /* CoreText.framework */ = {isa = PBXFileReference; lastKnownFileType = wrapper.framework; name = CoreText.framework; path = System/Library/Frameworks/CoreText.framework; sourceTree = SDKROOT; };
		15B6E20D17A4C2820015867C /* RichTextEditorToggleButton.h */ = {isa = PBXFileReference; fileEncoding = 4; lastKnownFileType = sourcecode.c.h; path = RichTextEditorToggleButton.h; sourceTree = "<group>"; };
		15B6E20E17A4C2820015867C /* RichTextEditorToggleButton.m */ = {isa = PBXFileReference; fileEncoding = 4; lastKnownFileType = sourcecode.c.objc; path = RichTextEditorToggleButton.m; sourceTree = "<group>"; };
		3402F2691D98225A0066F4BE /* WZProtocolInterceptor.h */ = {isa = PBXFileReference; fileEncoding = 4; lastKnownFileType = sourcecode.c.h; name = WZProtocolInterceptor.h; path = Helpers/WZProtocolInterceptor.h; sourceTree = "<group>"; };
		3402F26A1D98225A0066F4BE /* WZProtocolInterceptor.m */ = {isa = PBXFileReference; fileEncoding = 4; lastKnownFileType = sourcecode.c.objc; name = WZProtocolInterceptor.m; path = Helpers/WZProtocolInterceptor.m; sourceTree = "<group>"; };
		3459D7191E4A1F7B00B6B0ED /* MobileCoreServices.framework */ = {isa = PBXFileReference; lastKnownFileType = wrapper.framework; name = MobileCoreServices.framework; path = System/Library/Frameworks/MobileCoreServices.framework; sourceTree = SDKROOT; };
		3459D71B1E4A1F8B00B6B0ED /* README.md */ = {isa = PBXFileReference; lastKnownFileType = net.daringfireball.markdown; path = README.md; sourceTree = SOURCE_ROOT; };
		34BF6A181E513F2500A736BB /* format-color-fill.png */ = {isa = PBXFileReference; lastKnownFileType = image.png; path = "format-color-fill.png"; sourceTree = "<group>"; };
		34BF6A191E513F2500A736BB /* format-color-fill@2x.png */ = {isa = PBXFileReference; lastKnownFileType = image.png; path = "format-color-fill@2x.png"; sourceTree = "<group>"; };
		34BF6A1A1E513F2500A736BB /* format-color-fill@3x.png */ = {isa = PBXFileReference; lastKnownFileType = image.png; path = "format-color-fill@3x.png"; sourceTree = "<group>"; };
		34BF6A1B1E513F2500A736BB /* format-color.png */ = {isa = PBXFileReference; lastKnownFileType = image.png; path = "format-color.png"; sourceTree = "<group>"; };
		34BF6A1C1E513F2500A736BB /* format-color@2x.png */ = {isa = PBXFileReference; lastKnownFileType = image.png; path = "format-color@2x.png"; sourceTree = "<group>"; };
		34BF6A271E51409400A736BB /* RichTextEditor.framework */ = {isa = PBXFileReference; explicitFileType = wrapper.framework; includeInIndex = 0; path = RichTextEditor.framework; sourceTree = BUILT_PRODUCTS_DIR; };
		34BF6A2A1E51409400A736BB /* Info.plist */ = {isa = PBXFileReference; lastKnownFileType = text.plist.xml; path = Info.plist; sourceTree = "<group>"; };
		34BF6AA31E514AA500A736BB /* RichTextEditorColorPicker.h */ = {isa = PBXFileReference; fileEncoding = 4; lastKnownFileType = sourcecode.c.h; path = RichTextEditorColorPicker.h; sourceTree = "<group>"; };
		34BF6AA41E514AA500A736BB /* RichTextEditorFontPicker.h */ = {isa = PBXFileReference; fileEncoding = 4; lastKnownFileType = sourcecode.c.h; path = RichTextEditorFontPicker.h; sourceTree = "<group>"; };
		34BF6AA51E514AA500A736BB /* RichTextEditorFontSizePicker.h */ = {isa = PBXFileReference; fileEncoding = 4; lastKnownFileType = sourcecode.c.h; path = RichTextEditorFontSizePicker.h; sourceTree = "<group>"; };
		34BF6AAE1E520D8200A736BB /* indent-decrease.png */ = {isa = PBXFileReference; lastKnownFileType = image.png; path = "indent-decrease.png"; sourceTree = "<group>"; };
		34BF6AAF1E520D8200A736BB /* indent-decrease@2x.png */ = {isa = PBXFileReference; lastKnownFileType = image.png; path = "indent-decrease@2x.png"; sourceTree = "<group>"; };
		34BF6AB41E520DA300A736BB /* indent-increase.png */ = {isa = PBXFileReference; lastKnownFileType = image.png; path = "indent-increase.png"; sourceTree = "<group>"; };
		34BF6AB51E520DA300A736BB /* indent-increase@2x.png */ = {isa = PBXFileReference; lastKnownFileType = image.png; path = "indent-increase@2x.png"; sourceTree = "<group>"; };
		34BF6AB61E520DA300A736BB /* indent-increase@3x.png */ = {isa = PBXFileReference; lastKnownFileType = image.png; path = "indent-increase@3x.png"; sourceTree = "<group>"; };
		34BF6ABD1E520DCD00A736BB /* format-align-center.png */ = {isa = PBXFileReference; lastKnownFileType = image.png; path = "format-align-center.png"; sourceTree = "<group>"; };
		34BF6ABE1E520DCD00A736BB /* format-align-center@2x.png */ = {isa = PBXFileReference; lastKnownFileType = image.png; path = "format-align-center@2x.png"; sourceTree = "<group>"; };
		34BF6ABF1E520DCD00A736BB /* format-align-center@3x.png */ = {isa = PBXFileReference; lastKnownFileType = image.png; path = "format-align-center@3x.png"; sourceTree = "<group>"; };
		34BF6AC61E520DED00A736BB /* format-align-justify.png */ = {isa = PBXFileReference; lastKnownFileType = image.png; path = "format-align-justify.png"; sourceTree = "<group>"; };
		34BF6AC71E520DED00A736BB /* format-align-justify@2x.png */ = {isa = PBXFileReference; lastKnownFileType = image.png; path = "format-align-justify@2x.png"; sourceTree = "<group>"; };
		34BF6AC81E520DED00A736BB /* format-align-justify@3x.png */ = {isa = PBXFileReference; lastKnownFileType = image.png; path = "format-align-justify@3x.png"; sourceTree = "<group>"; };
		34BF6ACF1E520E0300A736BB /* format-align-left.png */ = {isa = PBXFileReference; lastKnownFileType = image.png; path = "format-align-left.png"; sourceTree = "<group>"; };
		34BF6AD01E520E0300A736BB /* format-align-left@2x.png */ = {isa = PBXFileReference; lastKnownFileType = image.png; path = "format-align-left@2x.png"; sourceTree = "<group>"; };
		34BF6AD11E520E0300A736BB /* format-align-left@3x.png */ = {isa = PBXFileReference; lastKnownFileType = image.png; path = "format-align-left@3x.png"; sourceTree = "<group>"; };
		34BF6AD81E520E2300A736BB /* format-align-right.png */ = {isa = PBXFileReference; lastKnownFileType = image.png; path = "format-align-right.png"; sourceTree = "<group>"; };
		34BF6AD91E520E2300A736BB /* format-align-right@2x.png */ = {isa = PBXFileReference; lastKnownFileType = image.png; path = "format-align-right@2x.png"; sourceTree = "<group>"; };
		34BF6ADA1E520E2300A736BB /* format-align-right@3x.png */ = {isa = PBXFileReference; lastKnownFileType = image.png; path = "format-align-right@3x.png"; sourceTree = "<group>"; };
		34BF6AE11E520E3C00A736BB /* format-bold.png */ = {isa = PBXFileReference; lastKnownFileType = image.png; path = "format-bold.png"; sourceTree = "<group>"; };
		34BF6AE21E520E3C00A736BB /* format-bold@2x.png */ = {isa = PBXFileReference; lastKnownFileType = image.png; path = "format-bold@2x.png"; sourceTree = "<group>"; };
		34BF6AE31E520E3C00A736BB /* format-bold@3x.png */ = {isa = PBXFileReference; lastKnownFileType = image.png; path = "format-bold@3x.png"; sourceTree = "<group>"; };
		34BF6AEA1E520EFF00A736BB /* format-list-bulleted.png */ = {isa = PBXFileReference; lastKnownFileType = image.png; path = "format-list-bulleted.png"; sourceTree = "<group>"; };
		34BF6AEB1E520EFF00A736BB /* format-list-bulleted@2x.png */ = {isa = PBXFileReference; lastKnownFileType = image.png; path = "format-list-bulleted@2x.png"; sourceTree = "<group>"; };
		34BF6AEC1E520EFF00A736BB /* format-list-bulleted@3x.png */ = {isa = PBXFileReference; lastKnownFileType = image.png; path = "format-list-bulleted@3x.png"; sourceTree = "<group>"; };
		34BF6AF31E520F1E00A736BB /* format-strikethrough.png */ = {isa = PBXFileReference; lastKnownFileType = image.png; path = "format-strikethrough.png"; sourceTree = "<group>"; };
		34BF6AF41E520F1E00A736BB /* format-strikethrough@2x.png */ = {isa = PBXFileReference; lastKnownFileType = image.png; path = "format-strikethrough@2x.png"; sourceTree = "<group>"; };
		34BF6AF51E520F1E00A736BB /* format-strikethrough@3x.png */ = {isa = PBXFileReference; lastKnownFileType = image.png; path = "format-strikethrough@3x.png"; sourceTree = "<group>"; };
		34BF6AFC1E520F3F00A736BB /* format-underlined.png */ = {isa = PBXFileReference; lastKnownFileType = image.png; path = "format-underlined.png"; sourceTree = "<group>"; };
		34BF6AFD1E520F3F00A736BB /* format-underlined@2x.png */ = {isa = PBXFileReference; lastKnownFileType = image.png; path = "format-underlined@2x.png"; sourceTree = "<group>"; };
		34BF6AFE1E520F3F00A736BB /* format-underlined@3x.png */ = {isa = PBXFileReference; lastKnownFileType = image.png; path = "format-underlined@3x.png"; sourceTree = "<group>"; };
		34BF6B051E520F9B00A736BB /* format-italic.png */ = {isa = PBXFileReference; lastKnownFileType = image.png; path = "format-italic.png"; sourceTree = "<group>"; };
		34BF6B061E520F9B00A736BB /* format-italic@2x.png */ = {isa = PBXFileReference; lastKnownFileType = image.png; path = "format-italic@2x.png"; sourceTree = "<group>"; };
		34BF6B071E520F9B00A736BB /* format-italic@3x.png */ = {isa = PBXFileReference; lastKnownFileType = image.png; path = "format-italic@3x.png"; sourceTree = "<group>"; };
		34BF6B0E1E52111C00A736BB /* insert-photo.png */ = {isa = PBXFileReference; lastKnownFileType = image.png; path = "insert-photo.png"; sourceTree = "<group>"; };
		34BF6B0F1E52111C00A736BB /* insert-photo@2x.png */ = {isa = PBXFileReference; lastKnownFileType = image.png; path = "insert-photo@2x.png"; sourceTree = "<group>"; };
		34BF6B101E52111C00A736BB /* insert-photo@3x.png */ = {isa = PBXFileReference; lastKnownFileType = image.png; path = "insert-photo@3x.png"; sourceTree = "<group>"; };
		34BF6B171E52116000A736BB /* insert-link.png */ = {isa = PBXFileReference; lastKnownFileType = image.png; path = "insert-link.png"; sourceTree = "<group>"; };
		34BF6B181E52116000A736BB /* insert-link@2x.png */ = {isa = PBXFileReference; lastKnownFileType = image.png; path = "insert-link@2x.png"; sourceTree = "<group>"; };
		34BF6B191E52116000A736BB /* insert-link@3x.png */ = {isa = PBXFileReference; lastKnownFileType = image.png; path = "insert-link@3x.png"; sourceTree = "<group>"; };
		34BF6B201E52118300A736BB /* format-list-numbered.png */ = {isa = PBXFileReference; lastKnownFileType = image.png; path = "format-list-numbered.png"; sourceTree = "<group>"; };
		34BF6B211E52118300A736BB /* format-list-numbered@2x.png */ = {isa = PBXFileReference; lastKnownFileType = image.png; path = "format-list-numbered@2x.png"; sourceTree = "<group>"; };
		34BF6B221E52118300A736BB /* format-list-numbered@3x.png */ = {isa = PBXFileReference; lastKnownFileType = image.png; path = "format-list-numbered@3x.png"; sourceTree = "<group>"; };
		34BF6B291E52121500A736BB /* attach-file.png */ = {isa = PBXFileReference; lastKnownFileType = image.png; path = "attach-file.png"; sourceTree = "<group>"; };
		34BF6B2A1E52121500A736BB /* attach-file@2x.png */ = {isa = PBXFileReference; lastKnownFileType = image.png; path = "attach-file@2x.png"; sourceTree = "<group>"; };
		34BF6B2B1E52121500A736BB /* attach-file@3x.png */ = {isa = PBXFileReference; lastKnownFileType = image.png; path = "attach-file@3x.png"; sourceTree = "<group>"; };
		34BF6B321E52127900A736BB /* format-clear.png */ = {isa = PBXFileReference; lastKnownFileType = image.png; path = "format-clear.png"; sourceTree = "<group>"; };
		34BF6B331E52127900A736BB /* format-clear@2x.png */ = {isa = PBXFileReference; lastKnownFileType = image.png; path = "format-clear@2x.png"; sourceTree = "<group>"; };
		34BF6B341E52127900A736BB /* format-clear@3x.png */ = {isa = PBXFileReference; lastKnownFileType = image.png; path = "format-clear@3x.png"; sourceTree = "<group>"; };
		34BF6B3B1E52130A00A736BB /* keyboard-hide.png */ = {isa = PBXFileReference; lastKnownFileType = image.png; path = "keyboard-hide.png"; sourceTree = "<group>"; };
		34BF6B3C1E52130A00A736BB /* keyboard-hide@2x.png */ = {isa = PBXFileReference; lastKnownFileType = image.png; path = "keyboard-hide@2x.png"; sourceTree = "<group>"; };
		34BF6B3D1E52130A00A736BB /* keyboard-hide@3x.png */ = {isa = PBXFileReference; lastKnownFileType = image.png; path = "keyboard-hide@3x.png"; sourceTree = "<group>"; };
		34BF6B441E52136600A736BB /* redo.png */ = {isa = PBXFileReference; lastKnownFileType = image.png; path = redo.png; sourceTree = "<group>"; };
		34BF6B451E52136600A736BB /* redo@2x.png */ = {isa = PBXFileReference; lastKnownFileType = image.png; path = "redo@2x.png"; sourceTree = "<group>"; };
		34BF6B461E52136600A736BB /* redo@3x.png */ = {isa = PBXFileReference; lastKnownFileType = image.png; path = "redo@3x.png"; sourceTree = "<group>"; };
		34BF6B4D1E52139000A736BB /* undo.png */ = {isa = PBXFileReference; lastKnownFileType = image.png; path = undo.png; sourceTree = "<group>"; };
		34BF6B4E1E52139000A736BB /* undo@2x.png */ = {isa = PBXFileReference; lastKnownFileType = image.png; path = "undo@2x.png"; sourceTree = "<group>"; };
		34BF6B4F1E52139000A736BB /* undo@3x.png */ = {isa = PBXFileReference; lastKnownFileType = image.png; path = "undo@3x.png"; sourceTree = "<group>"; };
		34BF6B561E5213B700A736BB /* email.png */ = {isa = PBXFileReference; lastKnownFileType = image.png; path = email.png; sourceTree = "<group>"; };
		34BF6B571E5213B700A736BB /* email@2x.png */ = {isa = PBXFileReference; lastKnownFileType = image.png; path = "email@2x.png"; sourceTree = "<group>"; };
		34BF6B581E5213B700A736BB /* email@3x.png */ = {isa = PBXFileReference; lastKnownFileType = image.png; path = "email@3x.png"; sourceTree = "<group>"; };
		34BF6B5F1E5213E600A736BB /* code.png */ = {isa = PBXFileReference; lastKnownFileType = image.png; path = code.png; sourceTree = "<group>"; };
		34BF6B601E5213E600A736BB /* code@2x.png */ = {isa = PBXFileReference; lastKnownFileType = image.png; path = "code@2x.png"; sourceTree = "<group>"; };
		34BF6B611E5213E600A736BB /* code@3x.png */ = {isa = PBXFileReference; lastKnownFileType = image.png; path = "code@3x.png"; sourceTree = "<group>"; };
		34BF6B681E52147A00A736BB /* format-first-line-indent.png */ = {isa = PBXFileReference; lastKnownFileType = image.png; path = "format-first-line-indent.png"; sourceTree = "<group>"; };
		34BF6B691E52147A00A736BB /* format-first-line-indent@2x.png */ = {isa = PBXFileReference; lastKnownFileType = image.png; path = "format-first-line-indent@2x.png"; sourceTree = "<group>"; };
		34BF6B6A1E52147A00A736BB /* format-first-line-indent@3x.png */ = {isa = PBXFileReference; lastKnownFileType = image.png; path = "format-first-line-indent@3x.png"; sourceTree = "<group>"; };
		34BF6B711E5214CF00A736BB /* format-color@3x.png */ = {isa = PBXFileReference; lastKnownFileType = image.png; path = "format-color@3x.png"; sourceTree = "<group>"; };
		D28387071A7EE1340093AF3E /* OtherLicenses.txt */ = {isa = PBXFileReference; fileEncoding = 4; lastKnownFileType = text; path = OtherLicenses.txt; sourceTree = "<group>"; };
		D2ECA7061A321FE900C57F03 /* button.png */ = {isa = PBXFileReference; lastKnownFileType = image.png; path = button.png; sourceTree = "<group>"; };
		D2ECA7071A321FE900C57F03 /* buttoncenter.png */ = {isa = PBXFileReference; lastKnownFileType = image.png; path = buttoncenter.png; sourceTree = "<group>"; };
		D2ECA7081A321FE900C57F03 /* buttoncenterSelected.png */ = {isa = PBXFileReference; lastKnownFileType = image.png; path = buttoncenterSelected.png; sourceTree = "<group>"; };
		D2ECA7091A321FE900C57F03 /* buttonleft.png */ = {isa = PBXFileReference; lastKnownFileType = image.png; path = buttonleft.png; sourceTree = "<group>"; };
		D2ECA70A1A321FE900C57F03 /* buttonleftSelected.png */ = {isa = PBXFileReference; lastKnownFileType = image.png; path = buttonleftSelected.png; sourceTree = "<group>"; };
		D2ECA70B1A321FE900C57F03 /* buttonright.png */ = {isa = PBXFileReference; lastKnownFileType = image.png; path = buttonright.png; sourceTree = "<group>"; };
		D2ECA70C1A321FE900C57F03 /* buttonrightSelected.png */ = {isa = PBXFileReference; lastKnownFileType = image.png; path = buttonrightSelected.png; sourceTree = "<group>"; };
		D2ECA70D1A321FE900C57F03 /* buttonSelected.png */ = {isa = PBXFileReference; lastKnownFileType = image.png; path = buttonSelected.png; sourceTree = "<group>"; };
		D2ECA70E1A321FE900C57F03 /* dropDownTriangle.png */ = {isa = PBXFileReference; lastKnownFileType = image.png; path = dropDownTriangle.png; sourceTree = "<group>"; };
		D2ECA70F1A321FE900C57F03 /* dropDownTriangle@2x.png */ = {isa = PBXFileReference; lastKnownFileType = image.png; path = "dropDownTriangle@2x.png"; sourceTree = "<group>"; };
		D2ECA7111A321FE900C57F03 /* colors.jpg */ = {isa = PBXFileReference; lastKnownFileType = image.jpeg; path = colors.jpg; sourceTree = "<group>"; };
		D2ECA7121A321FE900C57F03 /* colorsOld.jpg */ = {isa = PBXFileReference; lastKnownFileType = image.jpeg; path = colorsOld.jpg; sourceTree = "<group>"; };
		D2ECA7171A321FE900C57F03 /* firstLineIndent.png */ = {isa = PBXFileReference; lastKnownFileType = image.png; path = firstLineIndent.png; sourceTree = "<group>"; };
		D2ECA7181A321FE900C57F03 /* firstLineIndent@2x.png */ = {isa = PBXFileReference; lastKnownFileType = image.png; path = "firstLineIndent@2x.png"; sourceTree = "<group>"; };
		D2ECA73B1A321FE900C57F03 /* unlink.png */ = {isa = PBXFileReference; lastKnownFileType = image.png; path = unlink.png; sourceTree = "<group>"; };
/* End PBXFileReference section */

/* Begin PBXFrameworksBuildPhase section */
		1583890B1735A5D7006DE713 /* Frameworks */ = {
			isa = PBXFrameworksBuildPhase;
			buildActionMask = 2147483647;
			files = (
				3459D71A1E4A1F7B00B6B0ED /* MobileCoreServices.framework in Frameworks */,
				34BF6A3C1E51409500A736BB /* RichTextEditor.framework in Frameworks */,
				1583895A1735D7F4006DE713 /* CoreText.framework in Frameworks */,
				158389131735A5D7006DE713 /* UIKit.framework in Frameworks */,
				158389151735A5D7006DE713 /* Foundation.framework in Frameworks */,
				158389171735A5D7006DE713 /* CoreGraphics.framework in Frameworks */,
			);
			runOnlyForDeploymentPostprocessing = 0;
		};
		158389341735A5D7006DE713 /* Frameworks */ = {
			isa = PBXFrameworksBuildPhase;
			buildActionMask = 2147483647;
			files = (
				1583893B1735A5D7006DE713 /* UIKit.framework in Frameworks */,
				1583893C1735A5D7006DE713 /* Foundation.framework in Frameworks */,
			);
			runOnlyForDeploymentPostprocessing = 0;
		};
		34BF6A231E51409400A736BB /* Frameworks */ = {
			isa = PBXFrameworksBuildPhase;
			buildActionMask = 2147483647;
			files = (
			);
			runOnlyForDeploymentPostprocessing = 0;
		};
/* End PBXFrameworksBuildPhase section */

/* Begin PBXGroup section */
		153F9554179F9953005B2487 /* Source */ = {
			isa = PBXGroup;
			children = (
				34BF6A281E51409400A736BB /* RichTextEditorFramework */,
				153F9555179F9953005B2487 /* Assets */,
				153F955A179F9953005B2487 /* Categories */,
				3402F2681D98224E0066F4BE /* Helpers */,
				153F957B179F9953005B2487 /* RichTextEditor.h */,
				153F957C179F9953005B2487 /* RichTextEditor.m */,
				34BF6AA31E514AA500A736BB /* RichTextEditorColorPicker.h */,
				34BF6AA41E514AA500A736BB /* RichTextEditorFontPicker.h */,
				34BF6AA51E514AA500A736BB /* RichTextEditorFontSizePicker.h */,
				153F9584179F9953005B2487 /* RichTextEditorToolbar.h */,
				153F9585179F9953005B2487 /* RichTextEditorToolbar.m */,
				15B6E20D17A4C2820015867C /* RichTextEditorToggleButton.h */,
				15B6E20E17A4C2820015867C /* RichTextEditorToggleButton.m */,
				153F957D179F9953005B2487 /* RichTextEditorColorPickerViewController.h */,
				153F957E179F9953005B2487 /* RichTextEditorColorPickerViewController.m */,
				153F957F179F9953005B2487 /* RichTextEditorFontPickerViewController.h */,
				153F9580179F9953005B2487 /* RichTextEditorFontPickerViewController.m */,
				153F9581179F9953005B2487 /* RichTextEditorFontSizePickerViewController.h */,
				153F9582179F9953005B2487 /* RichTextEditorFontSizePickerViewController.m */,
				153F9583179F9953005B2487 /* RichTextEditorPopover.h */,
				D28387071A7EE1340093AF3E /* OtherLicenses.txt */,
			);
			path = Source;
			sourceTree = "<group>";
		};
		153F9555179F9953005B2487 /* Assets */ = {
			isa = PBXGroup;
			children = (
				D2ECA7051A321FE900C57F03 /* buttons */,
				34BF6B291E52121500A736BB /* attach-file.png */,
				34BF6B2A1E52121500A736BB /* attach-file@2x.png */,
				34BF6B2B1E52121500A736BB /* attach-file@3x.png */,
				34BF6B5F1E5213E600A736BB /* code.png */,
				34BF6B601E5213E600A736BB /* code@2x.png */,
				34BF6B611E5213E600A736BB /* code@3x.png */,
				D2ECA7111A321FE900C57F03 /* colors.jpg */,
				D2ECA7121A321FE900C57F03 /* colorsOld.jpg */,
				34BF6B561E5213B700A736BB /* email.png */,
				34BF6B571E5213B700A736BB /* email@2x.png */,
				34BF6B581E5213B700A736BB /* email@3x.png */,
				D2ECA7171A321FE900C57F03 /* firstLineIndent.png */,
				D2ECA7181A321FE900C57F03 /* firstLineIndent@2x.png */,
				34BF6AAE1E520D8200A736BB /* indent-decrease.png */,
				34BF6AAF1E520D8200A736BB /* indent-decrease@2x.png */,
				34BF6AB41E520DA300A736BB /* indent-increase.png */,
				34BF6AB51E520DA300A736BB /* indent-increase@2x.png */,
				34BF6AB61E520DA300A736BB /* indent-increase@3x.png */,
				34BF6ABD1E520DCD00A736BB /* format-align-center.png */,
				34BF6ABE1E520DCD00A736BB /* format-align-center@2x.png */,
				34BF6ABF1E520DCD00A736BB /* format-align-center@3x.png */,
				34BF6ACF1E520E0300A736BB /* format-align-left.png */,
				34BF6AD01E520E0300A736BB /* format-align-left@2x.png */,
				34BF6AD11E520E0300A736BB /* format-align-left@3x.png */,
				34BF6AC61E520DED00A736BB /* format-align-justify.png */,
				34BF6AC71E520DED00A736BB /* format-align-justify@2x.png */,
				34BF6AC81E520DED00A736BB /* format-align-justify@3x.png */,
				34BF6AD81E520E2300A736BB /* format-align-right.png */,
				34BF6AD91E520E2300A736BB /* format-align-right@2x.png */,
				34BF6ADA1E520E2300A736BB /* format-align-right@3x.png */,
				34BF6AE11E520E3C00A736BB /* format-bold.png */,
				34BF6AE21E520E3C00A736BB /* format-bold@2x.png */,
				34BF6AE31E520E3C00A736BB /* format-bold@3x.png */,
				34BF6B321E52127900A736BB /* format-clear.png */,
				34BF6B331E52127900A736BB /* format-clear@2x.png */,
				34BF6B341E52127900A736BB /* format-clear@3x.png */,
				34BF6A181E513F2500A736BB /* format-color-fill.png */,
				34BF6A191E513F2500A736BB /* format-color-fill@2x.png */,
				34BF6A1A1E513F2500A736BB /* format-color-fill@3x.png */,
				34BF6A1B1E513F2500A736BB /* format-color.png */,
				34BF6A1C1E513F2500A736BB /* format-color@2x.png */,
				34BF6B711E5214CF00A736BB /* format-color@3x.png */,
				34BF6B681E52147A00A736BB /* format-first-line-indent.png */,
				34BF6B691E52147A00A736BB /* format-first-line-indent@2x.png */,
				34BF6B6A1E52147A00A736BB /* format-first-line-indent@3x.png */,
				34BF6B051E520F9B00A736BB /* format-italic.png */,
				34BF6B061E520F9B00A736BB /* format-italic@2x.png */,
				34BF6B071E520F9B00A736BB /* format-italic@3x.png */,
				34BF6AEA1E520EFF00A736BB /* format-list-bulleted.png */,
				34BF6AEB1E520EFF00A736BB /* format-list-bulleted@2x.png */,
				34BF6AEC1E520EFF00A736BB /* format-list-bulleted@3x.png */,
				34BF6B201E52118300A736BB /* format-list-numbered.png */,
				34BF6B211E52118300A736BB /* format-list-numbered@2x.png */,
				34BF6B221E52118300A736BB /* format-list-numbered@3x.png */,
				34BF6AF31E520F1E00A736BB /* format-strikethrough.png */,
				34BF6AF41E520F1E00A736BB /* format-strikethrough@2x.png */,
				34BF6AF51E520F1E00A736BB /* format-strikethrough@3x.png */,
				34BF6AFC1E520F3F00A736BB /* format-underlined.png */,
				34BF6AFD1E520F3F00A736BB /* format-underlined@2x.png */,
				34BF6AFE1E520F3F00A736BB /* format-underlined@3x.png */,
				34BF6B171E52116000A736BB /* insert-link.png */,
				34BF6B181E52116000A736BB /* insert-link@2x.png */,
				34BF6B191E52116000A736BB /* insert-link@3x.png */,
				34BF6B0E1E52111C00A736BB /* insert-photo.png */,
				34BF6B0F1E52111C00A736BB /* insert-photo@2x.png */,
				34BF6B101E52111C00A736BB /* insert-photo@3x.png */,
				34BF6B3B1E52130A00A736BB /* keyboard-hide.png */,
				34BF6B3C1E52130A00A736BB /* keyboard-hide@2x.png */,
				34BF6B3D1E52130A00A736BB /* keyboard-hide@3x.png */,
				34BF6B441E52136600A736BB /* redo.png */,
				34BF6B451E52136600A736BB /* redo@2x.png */,
				34BF6B461E52136600A736BB /* redo@3x.png */,
				34BF6B4D1E52139000A736BB /* undo.png */,
				34BF6B4E1E52139000A736BB /* undo@2x.png */,
				34BF6B4F1E52139000A736BB /* undo@3x.png */,
				D2ECA73B1A321FE900C57F03 /* unlink.png */,
			);
			path = Assets;
			sourceTree = "<group>";
		};
		153F955A179F9953005B2487 /* Categories */ = {
			isa = PBXGroup;
			children = (
				153F955B179F9953005B2487 /* NSAttributedString+RichTextEditor.h */,
				153F955C179F9953005B2487 /* NSAttributedString+RichTextEditor.m */,
				153F955D179F9953005B2487 /* UIFont+RichTextEditor.h */,
				153F955E179F9953005B2487 /* UIFont+RichTextEditor.m */,
				153F955F179F9953005B2487 /* UIView+RichTextEditor.h */,
				153F9560179F9953005B2487 /* UIView+RichTextEditor.m */,
			);
			path = Categories;
			sourceTree = "<group>";
		};
		158389031735A5D7006DE713 = {
			isa = PBXGroup;
			children = (
				158389181735A5D7006DE713 /* RichTextEditor */,
				1583893F1735A5D7006DE713 /* RichTextEditorTests */,
				158389111735A5D7006DE713 /* Frameworks */,
				1583890F1735A5D7006DE713 /* Products */,
			);
			sourceTree = "<group>";
		};
		1583890F1735A5D7006DE713 /* Products */ = {
			isa = PBXGroup;
			children = (
				1583890E1735A5D7006DE713 /* RichTextEditorDemo.app */,
				158389381735A5D7006DE713 /* RichTextEditorTests.xctest */,
				34BF6A271E51409400A736BB /* RichTextEditor.framework */,
			);
			name = Products;
			sourceTree = "<group>";
		};
		158389111735A5D7006DE713 /* Frameworks */ = {
			isa = PBXGroup;
			children = (
				3459D7191E4A1F7B00B6B0ED /* MobileCoreServices.framework */,
				158389591735D7F4006DE713 /* CoreText.framework */,
				158389121735A5D7006DE713 /* UIKit.framework */,
				158389141735A5D7006DE713 /* Foundation.framework */,
				158389161735A5D7006DE713 /* CoreGraphics.framework */,
			);
			name = Frameworks;
			sourceTree = "<group>";
		};
		158389181735A5D7006DE713 /* RichTextEditor */ = {
			isa = PBXGroup;
			children = (
				153F9554179F9953005B2487 /* Source */,
				158389211735A5D7006DE713 /* AppDelegate.h */,
				158389221735A5D7006DE713 /* AppDelegate.m */,
				1583892A1735A5D7006DE713 /* Main.storyboard */,
				158389301735A5D7006DE713 /* ViewController.h */,
				158389311735A5D7006DE713 /* ViewController.m */,
				158389191735A5D7006DE713 /* Supporting Files */,
			);
			path = RichTextEditor;
			sourceTree = "<group>";
		};
		158389191735A5D7006DE713 /* Supporting Files */ = {
			isa = PBXGroup;
			children = (
				3459D71B1E4A1F8B00B6B0ED /* README.md */,
				1583891A1735A5D7006DE713 /* RichTextEditor-Info.plist */,
				1583891B1735A5D7006DE713 /* InfoPlist.strings */,
				1583891E1735A5D7006DE713 /* main.m */,
				158389201735A5D7006DE713 /* RichTextEditor-Prefix.pch */,
				158389241735A5D7006DE713 /* Default.png */,
				158389261735A5D7006DE713 /* Default@2x.png */,
				158389281735A5D7006DE713 /* Default-568h@2x.png */,
			);
			name = "Supporting Files";
			sourceTree = "<group>";
		};
		1583893F1735A5D7006DE713 /* RichTextEditorTests */ = {
			isa = PBXGroup;
			children = (
				158389451735A5D7006DE713 /* RichTextEditorTests.h */,
				158389461735A5D7006DE713 /* RichTextEditorTests.m */,
				158389401735A5D7006DE713 /* Supporting Files */,
			);
			path = RichTextEditorTests;
			sourceTree = "<group>";
		};
		158389401735A5D7006DE713 /* Supporting Files */ = {
			isa = PBXGroup;
			children = (
				158389411735A5D7006DE713 /* RichTextEditorTests-Info.plist */,
				158389421735A5D7006DE713 /* InfoPlist.strings */,
			);
			name = "Supporting Files";
			sourceTree = "<group>";
		};
		3402F2681D98224E0066F4BE /* Helpers */ = {
			isa = PBXGroup;
			children = (
				3402F2691D98225A0066F4BE /* WZProtocolInterceptor.h */,
				3402F26A1D98225A0066F4BE /* WZProtocolInterceptor.m */,
			);
			name = Helpers;
			sourceTree = "<group>";
		};
		34BF6A281E51409400A736BB /* RichTextEditorFramework */ = {
			isa = PBXGroup;
			children = (
				34BF6A2A1E51409400A736BB /* Info.plist */,
			);
			name = RichTextEditorFramework;
			path = ../../RichTextEditorFramework;
			sourceTree = "<group>";
		};
		D2ECA7051A321FE900C57F03 /* buttons */ = {
			isa = PBXGroup;
			children = (
				D2ECA7061A321FE900C57F03 /* button.png */,
				D2ECA7071A321FE900C57F03 /* buttoncenter.png */,
				D2ECA7081A321FE900C57F03 /* buttoncenterSelected.png */,
				D2ECA7091A321FE900C57F03 /* buttonleft.png */,
				D2ECA70A1A321FE900C57F03 /* buttonleftSelected.png */,
				D2ECA70B1A321FE900C57F03 /* buttonright.png */,
				D2ECA70C1A321FE900C57F03 /* buttonrightSelected.png */,
				D2ECA70D1A321FE900C57F03 /* buttonSelected.png */,
				D2ECA70E1A321FE900C57F03 /* dropDownTriangle.png */,
				D2ECA70F1A321FE900C57F03 /* dropDownTriangle@2x.png */,
			);
			path = buttons;
			sourceTree = "<group>";
		};
/* End PBXGroup section */

/* Begin PBXHeadersBuildPhase section */
		34BF6A241E51409400A736BB /* Headers */ = {
			isa = PBXHeadersBuildPhase;
			buildActionMask = 2147483647;
			files = (
				34BF6A531E5140D500A736BB /* RichTextEditor.h in Headers */,
				34BF6AA81E514AA500A736BB /* RichTextEditorFontSizePicker.h in Headers */,
				34BF6AA71E514AA500A736BB /* RichTextEditorFontPicker.h in Headers */,
				34BF6AA61E514AA500A736BB /* RichTextEditorColorPicker.h in Headers */,
				34BF6A4F1E5140D500A736BB /* NSAttributedString+RichTextEditor.h in Headers */,
				34BF6A501E5140D500A736BB /* UIFont+RichTextEditor.h in Headers */,
				34BF6A511E5140D500A736BB /* UIView+RichTextEditor.h in Headers */,
				34BF6A561E5140D500A736BB /* RichTextEditorColorPickerViewController.h in Headers */,
				34BF6A571E5140D500A736BB /* RichTextEditorFontPickerViewController.h in Headers */,
				34BF6A581E5140D500A736BB /* RichTextEditorFontSizePickerViewController.h in Headers */,
				34BF6A521E5140D500A736BB /* WZProtocolInterceptor.h in Headers */,
				34BF6A541E5140D500A736BB /* RichTextEditorToolbar.h in Headers */,
				34BF6A551E5140D500A736BB /* RichTextEditorToggleButton.h in Headers */,
				34BF6A591E5140D500A736BB /* RichTextEditorPopover.h in Headers */,
			);
			runOnlyForDeploymentPostprocessing = 0;
		};
/* End PBXHeadersBuildPhase section */

/* Begin PBXNativeTarget section */
		1583890D1735A5D7006DE713 /* RichTextEditorDemo */ = {
			isa = PBXNativeTarget;
			buildConfigurationList = 1583894A1735A5D7006DE713 /* Build configuration list for PBXNativeTarget "RichTextEditorDemo" */;
			buildPhases = (
				1583890A1735A5D7006DE713 /* Sources */,
				1583890B1735A5D7006DE713 /* Frameworks */,
				1583890C1735A5D7006DE713 /* Resources */,
				34BF6A411E51409500A736BB /* Embed Frameworks */,
			);
			buildRules = (
			);
			dependencies = (
				34BF6A3B1E51409500A736BB /* PBXTargetDependency */,
			);
			name = RichTextEditorDemo;
			productName = RichTextEditor;
			productReference = 1583890E1735A5D7006DE713 /* RichTextEditorDemo.app */;
			productType = "com.apple.product-type.application";
		};
		158389371735A5D7006DE713 /* RichTextEditorTests */ = {
			isa = PBXNativeTarget;
			buildConfigurationList = 1583894D1735A5D7006DE713 /* Build configuration list for PBXNativeTarget "RichTextEditorTests" */;
			buildPhases = (
				158389331735A5D7006DE713 /* Sources */,
				158389341735A5D7006DE713 /* Frameworks */,
				158389351735A5D7006DE713 /* Resources */,
				158389361735A5D7006DE713 /* ShellScript */,
			);
			buildRules = (
			);
			dependencies = (
				1583893E1735A5D7006DE713 /* PBXTargetDependency */,
			);
			name = RichTextEditorTests;
			productName = RichTextEditorTests;
			productReference = 158389381735A5D7006DE713 /* RichTextEditorTests.xctest */;
			productType = "com.apple.product-type.bundle.unit-test";
		};
		34BF6A261E51409400A736BB /* RichTextEditor */ = {
			isa = PBXNativeTarget;
			buildConfigurationList = 34BF6A3E1E51409500A736BB /* Build configuration list for PBXNativeTarget "RichTextEditor" */;
			buildPhases = (
				34BF6A221E51409400A736BB /* Sources */,
				34BF6A231E51409400A736BB /* Frameworks */,
				34BF6A241E51409400A736BB /* Headers */,
				34BF6A251E51409400A736BB /* Resources */,
			);
			buildRules = (
			);
			dependencies = (
			);
			name = RichTextEditor;
			productName = RichTextEditorFramework;
			productReference = 34BF6A271E51409400A736BB /* RichTextEditor.framework */;
			productType = "com.apple.product-type.framework";
		};
/* End PBXNativeTarget section */

/* Begin PBXProject section */
		158389051735A5D7006DE713 /* Project object */ = {
			isa = PBXProject;
			attributes = {
				LastTestingUpgradeCheck = 0610;
				LastUpgradeCheck = 0820;
				ORGANIZATIONNAME = "Aryan Ghassemi";
				TargetAttributes = {
					34BF6A261E51409400A736BB = {
						CreatedOnToolsVersion = 8.2.1;
						ProvisioningStyle = Automatic;
					};
				};
			};
			buildConfigurationList = 158389081735A5D7006DE713 /* Build configuration list for PBXProject "RichTextEditor" */;
			compatibilityVersion = "Xcode 3.2";
			developmentRegion = English;
			hasScannedForEncodings = 0;
			knownRegions = (
				en,
			);
			mainGroup = 158389031735A5D7006DE713;
			productRefGroup = 1583890F1735A5D7006DE713 /* Products */;
			projectDirPath = "";
			projectRoot = "";
			targets = (
				34BF6A261E51409400A736BB /* RichTextEditor */,
				1583890D1735A5D7006DE713 /* RichTextEditorDemo */,
				158389371735A5D7006DE713 /* RichTextEditorTests */,
			);
		};
/* End PBXProject section */

/* Begin PBXResourcesBuildPhase section */
		1583890C1735A5D7006DE713 /* Resources */ = {
			isa = PBXResourcesBuildPhase;
			buildActionMask = 2147483647;
			files = (
				34BF6AE51E520E3C00A736BB /* format-bold.png in Resources */,
				34BF6B411E52130A00A736BB /* keyboard-hide@2x.png in Resources */,
				34BF6B0B1E520F9B00A736BB /* format-italic@2x.png in Resources */,
				34BF6B651E5213E600A736BB /* code@2x.png in Resources */,
				34BF6B1B1E52116000A736BB /* insert-link.png in Resources */,
				34BF6B0D1E520F9B00A736BB /* format-italic@3x.png in Resources */,
				34BF6AF71E520F1E00A736BB /* format-strikethrough.png in Resources */,
				34BF6B021E520F3F00A736BB /* format-underlined@2x.png in Resources */,
				34BF6B001E520F3F00A736BB /* format-underlined.png in Resources */,
				34BF6B5A1E5213B700A736BB /* email.png in Resources */,
				34BF6AC31E520DCD00A736BB /* format-align-center@2x.png in Resources */,
				34BF6B5E1E5213B700A736BB /* email@3x.png in Resources */,
				34BF6B161E52111C00A736BB /* insert-photo@3x.png in Resources */,
				34BF6B731E5214CF00A736BB /* format-color@3x.png in Resources */,
				34BF6B531E52139000A736BB /* undo@2x.png in Resources */,
				34BF6ABA1E520DA300A736BB /* indent-increase@2x.png in Resources */,
				34BF6B701E52147A00A736BB /* format-first-line-indent@3x.png in Resources */,
				34BF6B091E520F9B00A736BB /* format-italic.png in Resources */,
				34BF6ACC1E520DED00A736BB /* format-align-justify@2x.png in Resources */,
				1583891D1735A5D7006DE713 /* InfoPlist.strings in Resources */,
				34BF6B121E52111C00A736BB /* insert-photo.png in Resources */,
				34BF6B551E52139000A736BB /* undo@3x.png in Resources */,
				34BF6ACA1E520DED00A736BB /* format-align-justify.png in Resources */,
				34BF6AB31E520D8200A736BB /* indent-decrease@2x.png in Resources */,
				34BF6B361E52127900A736BB /* format-clear.png in Resources */,
				34BF6AC11E520DCD00A736BB /* format-align-center.png in Resources */,
				34BF6AD71E520E0300A736BB /* format-align-left@3x.png in Resources */,
				34BF6B6C1E52147A00A736BB /* format-first-line-indent.png in Resources */,
				34BF6AB11E520D8200A736BB /* indent-decrease.png in Resources */,
				34BF6B431E52130A00A736BB /* keyboard-hide@3x.png in Resources */,
				34BF6ADC1E520E2300A736BB /* format-align-right.png in Resources */,
				34BF6B261E52118300A736BB /* format-list-numbered@2x.png in Resources */,
				34BF6B311E52121500A736BB /* attach-file@3x.png in Resources */,
				34BF6AEE1E520EFF00A736BB /* format-list-bulleted.png in Resources */,
				34BF6AF01E520EFF00A736BB /* format-list-bulleted@2x.png in Resources */,
				34BF6AB81E520DA300A736BB /* indent-increase.png in Resources */,
				34BF6ABC1E520DA300A736BB /* indent-increase@3x.png in Resources */,
				34BF6B481E52136600A736BB /* redo.png in Resources */,
				34BF6B671E5213E600A736BB /* code@3x.png in Resources */,
				1583892C1735A5D7006DE713 /* Main.storyboard in Resources */,
				34BF6B5C1E5213B700A736BB /* email@2x.png in Resources */,
				34BF6B281E52118300A736BB /* format-list-numbered@3x.png in Resources */,
				34BF6AD31E520E0300A736BB /* format-align-left.png in Resources */,
				34BF6B631E5213E600A736BB /* code.png in Resources */,
				34BF6B2D1E52121500A736BB /* attach-file.png in Resources */,
				34BF6B241E52118300A736BB /* format-list-numbered.png in Resources */,
				D28387081A7EE1340093AF3E /* OtherLicenses.txt in Resources */,
				34BF6B2F1E52121500A736BB /* attach-file@2x.png in Resources */,
				34BF6AE71E520E3C00A736BB /* format-bold@2x.png in Resources */,
				34BF6B4A1E52136600A736BB /* redo@2x.png in Resources */,
				34BF6B041E520F3F00A736BB /* format-underlined@3x.png in Resources */,
				34BF6B6E1E52147A00A736BB /* format-first-line-indent@2x.png in Resources */,
				34BF6AF21E520EFF00A736BB /* format-list-bulleted@3x.png in Resources */,
				34BF6AF91E520F1E00A736BB /* format-strikethrough@2x.png in Resources */,
				34BF6B1D1E52116000A736BB /* insert-link@2x.png in Resources */,
				34BF6B3F1E52130A00A736BB /* keyboard-hide.png in Resources */,
				34BF6AE01E520E2300A736BB /* format-align-right@3x.png in Resources */,
				34BF6AE91E520E3C00A736BB /* format-bold@3x.png in Resources */,
				34BF6B1F1E52116000A736BB /* insert-link@3x.png in Resources */,
				34BF6AC51E520DCD00A736BB /* format-align-center@3x.png in Resources */,
				34BF6ADE1E520E2300A736BB /* format-align-right@2x.png in Resources */,
				34BF6B141E52111C00A736BB /* insert-photo@2x.png in Resources */,
				34BF6B511E52139000A736BB /* undo.png in Resources */,
				34BF6AD51E520E0300A736BB /* format-align-left@2x.png in Resources */,
				34BF6B4C1E52136600A736BB /* redo@3x.png in Resources */,
				34BF6B3A1E52127900A736BB /* format-clear@3x.png in Resources */,
				34BF6ACE1E520DED00A736BB /* format-align-justify@3x.png in Resources */,
				34BF6AFB1E520F1E00A736BB /* format-strikethrough@3x.png in Resources */,
				34BF6B381E52127900A736BB /* format-clear@2x.png in Resources */,
			);
			runOnlyForDeploymentPostprocessing = 0;
		};
		158389351735A5D7006DE713 /* Resources */ = {
			isa = PBXResourcesBuildPhase;
			buildActionMask = 2147483647;
			files = (
				158389441735A5D7006DE713 /* InfoPlist.strings in Resources */,
			);
			runOnlyForDeploymentPostprocessing = 0;
		};
		34BF6A251E51409400A736BB /* Resources */ = {
			isa = PBXResourcesBuildPhase;
			buildActionMask = 2147483647;
			files = (
				34BF6A921E5142CE00A736BB /* OtherLicenses.txt in Resources */,
				34BF6B401E52130A00A736BB /* keyboard-hide@2x.png in Resources */,
				34BF6B421E52130A00A736BB /* keyboard-hide@3x.png in Resources */,
				34BF6B151E52111C00A736BB /* insert-photo@3x.png in Resources */,
				34BF6A5A1E5142C500A736BB /* button.png in Resources */,
				34BF6A5B1E5142C500A736BB /* buttoncenter.png in Resources */,
				34BF6AB71E520DA300A736BB /* indent-increase.png in Resources */,
				34BF6A5C1E5142C500A736BB /* buttoncenterSelected.png in Resources */,
				34BF6A5D1E5142C500A736BB /* buttonleft.png in Resources */,
				34BF6AE61E520E3C00A736BB /* format-bold@2x.png in Resources */,
				34BF6B3E1E52130A00A736BB /* keyboard-hide.png in Resources */,
				34BF6B391E52127900A736BB /* format-clear@3x.png in Resources */,
				34BF6A5E1E5142C500A736BB /* buttonleftSelected.png in Resources */,
				34BF6B641E5213E600A736BB /* code@2x.png in Resources */,
				34BF6B2E1E52121500A736BB /* attach-file@2x.png in Resources */,
				34BF6A5F1E5142C500A736BB /* buttonright.png in Resources */,
				34BF6AE81E520E3C00A736BB /* format-bold@3x.png in Resources */,
				34BF6AB91E520DA300A736BB /* indent-increase@2x.png in Resources */,
				34BF6B371E52127900A736BB /* format-clear@2x.png in Resources */,
				34BF6AED1E520EFF00A736BB /* format-list-bulleted.png in Resources */,
				34BF6A601E5142C500A736BB /* buttonrightSelected.png in Resources */,
				34BF6A611E5142C500A736BB /* buttonSelected.png in Resources */,
				34BF6A621E5142C500A736BB /* dropDownTriangle.png in Resources */,
				34BF6B111E52111C00A736BB /* insert-photo.png in Resources */,
				34BF6B4B1E52136600A736BB /* redo@3x.png in Resources */,
				34BF6B6B1E52147A00A736BB /* format-first-line-indent.png in Resources */,
				34BF6AC01E520DCD00A736BB /* format-align-center.png in Resources */,
				34BF6A631E5142C500A736BB /* dropDownTriangle@2x.png in Resources */,
				34BF6B0C1E520F9B00A736BB /* format-italic@3x.png in Resources */,
				34BF6B541E52139000A736BB /* undo@3x.png in Resources */,
				34BF6B231E52118300A736BB /* format-list-numbered.png in Resources */,
				34BF6B6F1E52147A00A736BB /* format-first-line-indent@3x.png in Resources */,
				34BF6AC91E520DED00A736BB /* format-align-justify.png in Resources */,
				34BF6B0A1E520F9B00A736BB /* format-italic@2x.png in Resources */,
				34BF6A691E5142C500A736BB /* colors.jpg in Resources */,
				34BF6B501E52139000A736BB /* undo.png in Resources */,
				34BF6B081E520F9B00A736BB /* format-italic.png in Resources */,
				34BF6A6A1E5142C500A736BB /* colorsOld.jpg in Resources */,
				34BF6B251E52118300A736BB /* format-list-numbered@2x.png in Resources */,
				34BF6AF61E520F1E00A736BB /* format-strikethrough.png in Resources */,
				34BF6A6F1E5142C500A736BB /* firstLineIndent.png in Resources */,
				34BF6A701E5142C500A736BB /* firstLineIndent@2x.png in Resources */,
				34BF6AFA1E520F1E00A736BB /* format-strikethrough@3x.png in Resources */,
				34BF6A711E5142C500A736BB /* format-color-fill.png in Resources */,
				34BF6ACD1E520DED00A736BB /* format-align-justify@3x.png in Resources */,
				34BF6AB01E520D8200A736BB /* indent-decrease.png in Resources */,
				34BF6B1C1E52116000A736BB /* insert-link@2x.png in Resources */,
				34BF6B5D1E5213B700A736BB /* email@3x.png in Resources */,
				34BF6B661E5213E600A736BB /* code@3x.png in Resources */,
				34BF6A721E5142C500A736BB /* format-color-fill@2x.png in Resources */,
				34BF6A731E5142C500A736BB /* format-color-fill@3x.png in Resources */,
				34BF6A741E5142C500A736BB /* format-color.png in Resources */,
				34BF6B2C1E52121500A736BB /* attach-file.png in Resources */,
				34BF6A751E5142C500A736BB /* format-color@2x.png in Resources */,
				34BF6AC41E520DCD00A736BB /* format-align-center@3x.png in Resources */,
				34BF6B351E52127900A736BB /* format-clear.png in Resources */,
				34BF6B131E52111C00A736BB /* insert-photo@2x.png in Resources */,
				34BF6AFF1E520F3F00A736BB /* format-underlined.png in Resources */,
				34BF6AEF1E520EFF00A736BB /* format-list-bulleted@2x.png in Resources */,
				34BF6B5B1E5213B700A736BB /* email@2x.png in Resources */,
				34BF6B621E5213E600A736BB /* code.png in Resources */,
				34BF6AC21E520DCD00A736BB /* format-align-center@2x.png in Resources */,
				34BF6ADB1E520E2300A736BB /* format-align-right.png in Resources */,
				34BF6AD61E520E0300A736BB /* format-align-left@3x.png in Resources */,
				34BF6B1A1E52116000A736BB /* insert-link.png in Resources */,
				34BF6B6D1E52147A00A736BB /* format-first-line-indent@2x.png in Resources */,
				34BF6ACB1E520DED00A736BB /* format-align-justify@2x.png in Resources */,
				34BF6B011E520F3F00A736BB /* format-underlined@2x.png in Resources */,
				34BF6B271E52118300A736BB /* format-list-numbered@3x.png in Resources */,
				34BF6B521E52139000A736BB /* undo@2x.png in Resources */,
				34BF6AF11E520EFF00A736BB /* format-list-bulleted@3x.png in Resources */,
				34BF6B301E52121500A736BB /* attach-file@3x.png in Resources */,
				34BF6B1E1E52116000A736BB /* insert-link@3x.png in Resources */,
				34BF6AE41E520E3C00A736BB /* format-bold.png in Resources */,
				34BF6B591E5213B700A736BB /* email.png in Resources */,
				34BF6AB21E520D8200A736BB /* indent-decrease@2x.png in Resources */,
				34BF6B721E5214CF00A736BB /* format-color@3x.png in Resources */,
				34BF6AD41E520E0300A736BB /* format-align-left@2x.png in Resources */,
				34BF6ADD1E520E2300A736BB /* format-align-right@2x.png in Resources */,
				34BF6B031E520F3F00A736BB /* format-underlined@3x.png in Resources */,
				34BF6AF81E520F1E00A736BB /* format-strikethrough@2x.png in Resources */,
				34BF6B471E52136600A736BB /* redo.png in Resources */,
				34BF6B491E52136600A736BB /* redo@2x.png in Resources */,
				34BF6AD21E520E0300A736BB /* format-align-left.png in Resources */,
				34BF6ABB1E520DA300A736BB /* indent-increase@3x.png in Resources */,
				34BF6ADF1E520E2300A736BB /* format-align-right@3x.png in Resources */,
				34BF6A911E5142C500A736BB /* unlink.png in Resources */,
			);
			runOnlyForDeploymentPostprocessing = 0;
		};
/* End PBXResourcesBuildPhase section */

/* Begin PBXShellScriptBuildPhase section */
		158389361735A5D7006DE713 /* ShellScript */ = {
			isa = PBXShellScriptBuildPhase;
			buildActionMask = 2147483647;
			files = (
			);
			inputPaths = (
			);
			outputPaths = (
			);
			runOnlyForDeploymentPostprocessing = 0;
			shellPath = /bin/sh;
			shellScript = "# Run the unit tests in this test bundle.\n\"${SYSTEM_DEVELOPER_DIR}/Tools/RunUnitTests\"\n";
		};
/* End PBXShellScriptBuildPhase section */

/* Begin PBXSourcesBuildPhase section */
		1583890A1735A5D7006DE713 /* Sources */ = {
			isa = PBXSourcesBuildPhase;
			buildActionMask = 2147483647;
			files = (
				1583891F1735A5D7006DE713 /* main.m in Sources */,
				158389231735A5D7006DE713 /* AppDelegate.m in Sources */,
				158389321735A5D7006DE713 /* ViewController.m in Sources */,
			);
			runOnlyForDeploymentPostprocessing = 0;
		};
		158389331735A5D7006DE713 /* Sources */ = {
			isa = PBXSourcesBuildPhase;
			buildActionMask = 2147483647;
			files = (
				158389471735A5D7006DE713 /* RichTextEditorTests.m in Sources */,
			);
			runOnlyForDeploymentPostprocessing = 0;
		};
		34BF6A221E51409400A736BB /* Sources */ = {
			isa = PBXSourcesBuildPhase;
			buildActionMask = 2147483647;
			files = (
				34BF6A451E5140C500A736BB /* NSAttributedString+RichTextEditor.m in Sources */,
				34BF6A461E5140C500A736BB /* UIFont+RichTextEditor.m in Sources */,
				34BF6A471E5140C500A736BB /* UIView+RichTextEditor.m in Sources */,
				34BF6A481E5140C500A736BB /* WZProtocolInterceptor.m in Sources */,
				34BF6A491E5140C500A736BB /* RichTextEditor.m in Sources */,
				34BF6A4A1E5140C500A736BB /* RichTextEditorToolbar.m in Sources */,
				34BF6A4B1E5140C500A736BB /* RichTextEditorToggleButton.m in Sources */,
				34BF6A4C1E5140C500A736BB /* RichTextEditorColorPickerViewController.m in Sources */,
				34BF6A4D1E5140C500A736BB /* RichTextEditorFontPickerViewController.m in Sources */,
				34BF6A4E1E5140C500A736BB /* RichTextEditorFontSizePickerViewController.m in Sources */,
			);
			runOnlyForDeploymentPostprocessing = 0;
		};
/* End PBXSourcesBuildPhase section */

/* Begin PBXTargetDependency section */
		1583893E1735A5D7006DE713 /* PBXTargetDependency */ = {
			isa = PBXTargetDependency;
			target = 1583890D1735A5D7006DE713 /* RichTextEditorDemo */;
			targetProxy = 1583893D1735A5D7006DE713 /* PBXContainerItemProxy */;
		};
		34BF6A3B1E51409500A736BB /* PBXTargetDependency */ = {
			isa = PBXTargetDependency;
			target = 34BF6A261E51409400A736BB /* RichTextEditor */;
			targetProxy = 34BF6A3A1E51409500A736BB /* PBXContainerItemProxy */;
		};
/* End PBXTargetDependency section */

/* Begin PBXVariantGroup section */
		1583891B1735A5D7006DE713 /* InfoPlist.strings */ = {
			isa = PBXVariantGroup;
			children = (
				1583891C1735A5D7006DE713 /* en */,
			);
			name = InfoPlist.strings;
			sourceTree = "<group>";
		};
		1583892A1735A5D7006DE713 /* Main.storyboard */ = {
			isa = PBXVariantGroup;
			children = (
				1583892B1735A5D7006DE713 /* en */,
			);
			name = Main.storyboard;
			sourceTree = "<group>";
		};
		158389421735A5D7006DE713 /* InfoPlist.strings */ = {
			isa = PBXVariantGroup;
			children = (
				158389431735A5D7006DE713 /* en */,
			);
			name = InfoPlist.strings;
			sourceTree = "<group>";
		};
/* End PBXVariantGroup section */

/* Begin XCBuildConfiguration section */
		158389481735A5D7006DE713 /* Debug */ = {
			isa = XCBuildConfiguration;
			buildSettings = {
				ALWAYS_SEARCH_USER_PATHS = NO;
				CLANG_CXX_LANGUAGE_STANDARD = "gnu++0x";
				CLANG_CXX_LIBRARY = "libc++";
				CLANG_ENABLE_OBJC_ARC = YES;
				CLANG_WARN_BOOL_CONVERSION = YES;
				CLANG_WARN_CONSTANT_CONVERSION = YES;
				CLANG_WARN_EMPTY_BODY = YES;
				CLANG_WARN_ENUM_CONVERSION = YES;
				CLANG_WARN_INFINITE_RECURSION = YES;
				CLANG_WARN_INT_CONVERSION = YES;
				CLANG_WARN_SUSPICIOUS_MOVE = YES;
				CLANG_WARN_UNREACHABLE_CODE = YES;
				CLANG_WARN__DUPLICATE_METHOD_MATCH = YES;
				"CODE_SIGN_IDENTITY[sdk=iphoneos*]" = "iPhone Developer";
				COPY_PHASE_STRIP = NO;
				ENABLE_STRICT_OBJC_MSGSEND = YES;
				ENABLE_TESTABILITY = YES;
				GCC_C_LANGUAGE_STANDARD = gnu99;
				GCC_DYNAMIC_NO_PIC = NO;
				GCC_NO_COMMON_BLOCKS = YES;
				GCC_OPTIMIZATION_LEVEL = 0;
				GCC_PREPROCESSOR_DEFINITIONS = (
					"DEBUG=1",
					"$(inherited)",
				);
				GCC_SYMBOLS_PRIVATE_EXTERN = NO;
				GCC_WARN_64_TO_32_BIT_CONVERSION = YES;
				GCC_WARN_ABOUT_RETURN_TYPE = YES;
				GCC_WARN_UNDECLARED_SELECTOR = YES;
				GCC_WARN_UNINITIALIZED_AUTOS = YES;
				GCC_WARN_UNUSED_FUNCTION = YES;
				GCC_WARN_UNUSED_VARIABLE = YES;
				IPHONEOS_DEPLOYMENT_TARGET = 8.0;
				ONLY_ACTIVE_ARCH = YES;
				SDKROOT = iphoneos;
				TARGETED_DEVICE_FAMILY = "1,2";
			};
			name = Debug;
		};
		158389491735A5D7006DE713 /* Release */ = {
			isa = XCBuildConfiguration;
			buildSettings = {
				ALWAYS_SEARCH_USER_PATHS = NO;
				CLANG_CXX_LANGUAGE_STANDARD = "gnu++0x";
				CLANG_CXX_LIBRARY = "libc++";
				CLANG_ENABLE_OBJC_ARC = YES;
				CLANG_WARN_BOOL_CONVERSION = YES;
				CLANG_WARN_CONSTANT_CONVERSION = YES;
				CLANG_WARN_EMPTY_BODY = YES;
				CLANG_WARN_ENUM_CONVERSION = YES;
				CLANG_WARN_INFINITE_RECURSION = YES;
				CLANG_WARN_INT_CONVERSION = YES;
				CLANG_WARN_SUSPICIOUS_MOVE = YES;
				CLANG_WARN_UNREACHABLE_CODE = YES;
				CLANG_WARN__DUPLICATE_METHOD_MATCH = YES;
				"CODE_SIGN_IDENTITY[sdk=iphoneos*]" = "iPhone Developer";
				COPY_PHASE_STRIP = YES;
				ENABLE_STRICT_OBJC_MSGSEND = YES;
				GCC_C_LANGUAGE_STANDARD = gnu99;
				GCC_NO_COMMON_BLOCKS = YES;
				GCC_WARN_64_TO_32_BIT_CONVERSION = YES;
				GCC_WARN_ABOUT_RETURN_TYPE = YES;
				GCC_WARN_UNDECLARED_SELECTOR = YES;
				GCC_WARN_UNINITIALIZED_AUTOS = YES;
				GCC_WARN_UNUSED_FUNCTION = YES;
				GCC_WARN_UNUSED_VARIABLE = YES;
				IPHONEOS_DEPLOYMENT_TARGET = 8.0;
				OTHER_CFLAGS = "-DNS_BLOCK_ASSERTIONS=1";
				SDKROOT = iphoneos;
				TARGETED_DEVICE_FAMILY = "1,2";
				VALIDATE_PRODUCT = YES;
			};
			name = Release;
		};
		1583894B1735A5D7006DE713 /* Debug */ = {
			isa = XCBuildConfiguration;
			buildSettings = {
				GCC_PRECOMPILE_PREFIX_HEADER = YES;
				GCC_PREFIX_HEADER = "RichTextEditor/RichTextEditor-Prefix.pch";
				INFOPLIST_FILE = "RichTextEditor/RichTextEditor-Info.plist";
				IPHONEOS_DEPLOYMENT_TARGET = 8.0;
				LD_RUNPATH_SEARCH_PATHS = "$(inherited) @executable_path/Frameworks";
				PRODUCT_BUNDLE_IDENTIFIER = "com.aryaxt.${PRODUCT_NAME:rfc1034identifier}";
				PRODUCT_NAME = "$(TARGET_NAME)";
				WRAPPER_EXTENSION = app;
			};
			name = Debug;
		};
		1583894C1735A5D7006DE713 /* Release */ = {
			isa = XCBuildConfiguration;
			buildSettings = {
				GCC_PRECOMPILE_PREFIX_HEADER = YES;
				GCC_PREFIX_HEADER = "RichTextEditor/RichTextEditor-Prefix.pch";
				INFOPLIST_FILE = "RichTextEditor/RichTextEditor-Info.plist";
				IPHONEOS_DEPLOYMENT_TARGET = 8.0;
				LD_RUNPATH_SEARCH_PATHS = "$(inherited) @executable_path/Frameworks";
				PRODUCT_BUNDLE_IDENTIFIER = "com.aryaxt.${PRODUCT_NAME:rfc1034identifier}";
				PRODUCT_NAME = "$(TARGET_NAME)";
				WRAPPER_EXTENSION = app;
			};
			name = Release;
		};
		1583894E1735A5D7006DE713 /* Debug */ = {
			isa = XCBuildConfiguration;
			buildSettings = {
				BUNDLE_LOADER = "$(BUILT_PRODUCTS_DIR)/RichTextEditor.app/RichTextEditor";
				FRAMEWORK_SEARCH_PATHS = (
					"\"$(SDKROOT)/Developer/Library/Frameworks\"",
					"\"$(DEVELOPER_LIBRARY_DIR)/Frameworks\"",
					"$(inherited)",
				);
				GCC_PRECOMPILE_PREFIX_HEADER = YES;
				GCC_PREFIX_HEADER = "RichTextEditor/RichTextEditor-Prefix.pch";
				INFOPLIST_FILE = "RichTextEditorTests/RichTextEditorTests-Info.plist";
				PRODUCT_BUNDLE_IDENTIFIER = "com.aryaxt.${PRODUCT_NAME:rfc1034identifier}";
				PRODUCT_NAME = "$(TARGET_NAME)";
				TEST_HOST = "$(BUNDLE_LOADER)";
			};
			name = Debug;
		};
		1583894F1735A5D7006DE713 /* Release */ = {
			isa = XCBuildConfiguration;
			buildSettings = {
				BUNDLE_LOADER = "$(BUILT_PRODUCTS_DIR)/RichTextEditor.app/RichTextEditor";
				FRAMEWORK_SEARCH_PATHS = (
					"\"$(SDKROOT)/Developer/Library/Frameworks\"",
					"\"$(DEVELOPER_LIBRARY_DIR)/Frameworks\"",
					"$(inherited)",
				);
				GCC_PRECOMPILE_PREFIX_HEADER = YES;
				GCC_PREFIX_HEADER = "RichTextEditor/RichTextEditor-Prefix.pch";
				INFOPLIST_FILE = "RichTextEditorTests/RichTextEditorTests-Info.plist";
				PRODUCT_BUNDLE_IDENTIFIER = "com.aryaxt.${PRODUCT_NAME:rfc1034identifier}";
				PRODUCT_NAME = "$(TARGET_NAME)";
				TEST_HOST = "$(BUNDLE_LOADER)";
			};
			name = Release;
		};
		34BF6A3F1E51409500A736BB /* Debug */ = {
			isa = XCBuildConfiguration;
			buildSettings = {
				CLANG_ANALYZER_NONNULL = YES;
				CLANG_ENABLE_MODULES = YES;
				CLANG_WARN_DIRECT_OBJC_ISA_USAGE = YES_ERROR;
				CLANG_WARN_DOCUMENTATION_COMMENTS = YES;
				CLANG_WARN_OBJC_ROOT_CLASS = YES_ERROR;
				CODE_SIGN_IDENTITY = "";
				CURRENT_PROJECT_VERSION = 1;
				DEBUG_INFORMATION_FORMAT = dwarf;
				DEFINES_MODULE = YES;
				DYLIB_COMPATIBILITY_VERSION = 1;
				DYLIB_CURRENT_VERSION = 1;
				DYLIB_INSTALL_NAME_BASE = "@rpath";
				GCC_WARN_ABOUT_RETURN_TYPE = YES_ERROR;
				GCC_WARN_UNINITIALIZED_AUTOS = YES_AGGRESSIVE;
				INFOPLIST_FILE = RichTextEditorFramework/Info.plist;
				INSTALL_PATH = "$(LOCAL_LIBRARY_DIR)/Frameworks";
				IPHONEOS_DEPLOYMENT_TARGET = 10.2;
				LD_RUNPATH_SEARCH_PATHS = "$(inherited) @executable_path/Frameworks @loader_path/Frameworks";
				MTL_ENABLE_DEBUG_INFO = YES;
				PRODUCT_BUNDLE_IDENTIFIER = com.pikleproductions.RichTextEditorFramework;
				PRODUCT_NAME = "$(TARGET_NAME)";
				SKIP_INSTALL = YES;
				VERSIONING_SYSTEM = "apple-generic";
				VERSION_INFO_PREFIX = "";
			};
			name = Debug;
		};
		34BF6A401E51409500A736BB /* Release */ = {
			isa = XCBuildConfiguration;
			buildSettings = {
				CLANG_ANALYZER_NONNULL = YES;
				CLANG_ENABLE_MODULES = YES;
				CLANG_WARN_DIRECT_OBJC_ISA_USAGE = YES_ERROR;
				CLANG_WARN_DOCUMENTATION_COMMENTS = YES;
				CLANG_WARN_OBJC_ROOT_CLASS = YES_ERROR;
				CODE_SIGN_IDENTITY = "";
				COPY_PHASE_STRIP = NO;
				CURRENT_PROJECT_VERSION = 1;
				DEBUG_INFORMATION_FORMAT = "dwarf-with-dsym";
				DEFINES_MODULE = YES;
				DYLIB_COMPATIBILITY_VERSION = 1;
				DYLIB_CURRENT_VERSION = 1;
				DYLIB_INSTALL_NAME_BASE = "@rpath";
				ENABLE_NS_ASSERTIONS = NO;
				GCC_WARN_ABOUT_RETURN_TYPE = YES_ERROR;
				GCC_WARN_UNINITIALIZED_AUTOS = YES_AGGRESSIVE;
				INFOPLIST_FILE = RichTextEditorFramework/Info.plist;
				INSTALL_PATH = "$(LOCAL_LIBRARY_DIR)/Frameworks";
				IPHONEOS_DEPLOYMENT_TARGET = 10.2;
				LD_RUNPATH_SEARCH_PATHS = "$(inherited) @executable_path/Frameworks @loader_path/Frameworks";
				MTL_ENABLE_DEBUG_INFO = NO;
				PRODUCT_BUNDLE_IDENTIFIER = com.pikleproductions.RichTextEditorFramework;
				PRODUCT_NAME = "$(TARGET_NAME)";
				SKIP_INSTALL = YES;
				VERSIONING_SYSTEM = "apple-generic";
				VERSION_INFO_PREFIX = "";
			};
			name = Release;
		};
/* End XCBuildConfiguration section */

/* Begin XCConfigurationList section */
		158389081735A5D7006DE713 /* Build configuration list for PBXProject "RichTextEditor" */ = {
			isa = XCConfigurationList;
			buildConfigurations = (
				158389481735A5D7006DE713 /* Debug */,
				158389491735A5D7006DE713 /* Release */,
			);
			defaultConfigurationIsVisible = 0;
			defaultConfigurationName = Release;
		};
		1583894A1735A5D7006DE713 /* Build configuration list for PBXNativeTarget "RichTextEditorDemo" */ = {
			isa = XCConfigurationList;
			buildConfigurations = (
				1583894B1735A5D7006DE713 /* Debug */,
				1583894C1735A5D7006DE713 /* Release */,
			);
			defaultConfigurationIsVisible = 0;
			defaultConfigurationName = Release;
		};
		1583894D1735A5D7006DE713 /* Build configuration list for PBXNativeTarget "RichTextEditorTests" */ = {
			isa = XCConfigurationList;
			buildConfigurations = (
				1583894E1735A5D7006DE713 /* Debug */,
				1583894F1735A5D7006DE713 /* Release */,
			);
			defaultConfigurationIsVisible = 0;
			defaultConfigurationName = Release;
		};
		34BF6A3E1E51409500A736BB /* Build configuration list for PBXNativeTarget "RichTextEditor" */ = {
			isa = XCConfigurationList;
			buildConfigurations = (
				34BF6A3F1E51409500A736BB /* Debug */,
				34BF6A401E51409500A736BB /* Release */,
			);
			defaultConfigurationIsVisible = 0;
			defaultConfigurationName = Release;
		};
/* End XCConfigurationList section */
	};
	rootObject = 158389051735A5D7006DE713 /* Project object */;
}
